// !$*UTF8*$!
{
	archiveVersion = 1;
	classes = {
	};
	objectVersion = 55;
	objects = {

/* Begin PBXBuildFile section */
		852A504727BC9D4B00332A9B /* Collections in Frameworks */ = {isa = PBXBuildFile; productRef = 852A504627BC9D4B00332A9B /* Collections */; };
		852A504927BC9D4B00332A9B /* DequeModule in Frameworks */ = {isa = PBXBuildFile; productRef = 852A504827BC9D4B00332A9B /* DequeModule */; };
		852A504B27BC9D4B00332A9B /* OrderedCollections in Frameworks */ = {isa = PBXBuildFile; productRef = 852A504A27BC9D4B00332A9B /* OrderedCollections */; };
		852A504E27BCA06000332A9B /* HomePage.swift in Sources */ = {isa = PBXBuildFile; fileRef = 852A504D27BCA06000332A9B /* HomePage.swift */; };
		852A504F27BCA06000332A9B /* HomePage.swift in Sources */ = {isa = PBXBuildFile; fileRef = 852A504D27BCA06000332A9B /* HomePage.swift */; };
		852A505127BCA39900332A9B /* TabViewPage.swift in Sources */ = {isa = PBXBuildFile; fileRef = 852A505027BCA39900332A9B /* TabViewPage.swift */; };
		852A505627BCA7DE00332A9B /* MoviesListView.swift in Sources */ = {isa = PBXBuildFile; fileRef = 852A505527BCA7DE00332A9B /* MoviesListView.swift */; };
		852A505727BCA7DE00332A9B /* MoviesListView.swift in Sources */ = {isa = PBXBuildFile; fileRef = 852A505527BCA7DE00332A9B /* MoviesListView.swift */; };
		852EAB7C27C1DD7800F26210 /* NavigationSettings.swift in Sources */ = {isa = PBXBuildFile; fileRef = 852EAB7B27C1DD7800F26210 /* NavigationSettings.swift */; };
		852EAB7D27C1DD7800F26210 /* NavigationSettings.swift in Sources */ = {isa = PBXBuildFile; fileRef = 852EAB7B27C1DD7800F26210 /* NavigationSettings.swift */; };
		852EAB8127C1DF7400F26210 /* UIColor_Extension.swift in Sources */ = {isa = PBXBuildFile; fileRef = 852EAB8027C1DF7400F26210 /* UIColor_Extension.swift */; };
		852EAB8227C1DF7400F26210 /* UIColor_Extension.swift in Sources */ = {isa = PBXBuildFile; fileRef = 852EAB8027C1DF7400F26210 /* UIColor_Extension.swift */; };
		852EAB8427C1E7C400F26210 /* HeaderViewMac.swift in Sources */ = {isa = PBXBuildFile; fileRef = 852EAB8327C1E7C400F26210 /* HeaderViewMac.swift */; };
		852EAB8527C1E7C400F26210 /* HeaderViewMac.swift in Sources */ = {isa = PBXBuildFile; fileRef = 852EAB8327C1E7C400F26210 /* HeaderViewMac.swift */; };
		853A6ADA27BBE64C00BC47F2 /* Tests_iOS.swift in Sources */ = {isa = PBXBuildFile; fileRef = 853A6AD927BBE64C00BC47F2 /* Tests_iOS.swift */; };
		853A6ADC27BBE64C00BC47F2 /* Tests_iOSLaunchTests.swift in Sources */ = {isa = PBXBuildFile; fileRef = 853A6ADB27BBE64C00BC47F2 /* Tests_iOSLaunchTests.swift */; };
		853A6AE627BBE64C00BC47F2 /* Tests_macOS.swift in Sources */ = {isa = PBXBuildFile; fileRef = 853A6AE527BBE64C00BC47F2 /* Tests_macOS.swift */; };
		853A6AE827BBE64C00BC47F2 /* Tests_macOSLaunchTests.swift in Sources */ = {isa = PBXBuildFile; fileRef = 853A6AE727BBE64C00BC47F2 /* Tests_macOSLaunchTests.swift */; };
		853A6AE927BBE64C00BC47F2 /* MoviesAppApp.swift in Sources */ = {isa = PBXBuildFile; fileRef = 853A6AC127BBE64600BC47F2 /* MoviesAppApp.swift */; };
		853A6AEA27BBE64C00BC47F2 /* MoviesAppApp.swift in Sources */ = {isa = PBXBuildFile; fileRef = 853A6AC127BBE64600BC47F2 /* MoviesAppApp.swift */; };
		853A6AED27BBE64C00BC47F2 /* Assets.xcassets in Resources */ = {isa = PBXBuildFile; fileRef = 853A6AC327BBE64C00BC47F2 /* Assets.xcassets */; };
		853A6AEE27BBE64C00BC47F2 /* Assets.xcassets in Resources */ = {isa = PBXBuildFile; fileRef = 853A6AC327BBE64C00BC47F2 /* Assets.xcassets */; };
		853A6AFF27BBE8A500BC47F2 /* MoviesListViewModel.swift in Sources */ = {isa = PBXBuildFile; fileRef = 853A6AFE27BBE8A500BC47F2 /* MoviesListViewModel.swift */; };
		853A6B0027BBE8A500BC47F2 /* MoviesListViewModel.swift in Sources */ = {isa = PBXBuildFile; fileRef = 853A6AFE27BBE8A500BC47F2 /* MoviesListViewModel.swift */; };
		853A6B0427BBF54100BC47F2 /* Kingfisher in Frameworks */ = {isa = PBXBuildFile; productRef = 853A6B0327BBF54100BC47F2 /* Kingfisher */; };
		853A6B0727BBF97E00BC47F2 /* StandardHomeMovie.swift in Sources */ = {isa = PBXBuildFile; fileRef = 853A6B0627BBF97E00BC47F2 /* StandardHomeMovie.swift */; };
		853A6B0827BBF97E00BC47F2 /* StandardHomeMovie.swift in Sources */ = {isa = PBXBuildFile; fileRef = 853A6B0627BBF97E00BC47F2 /* StandardHomeMovie.swift */; };
		855097D627BCA8DB009AB868 /* SeeMoreView.swift in Sources */ = {isa = PBXBuildFile; fileRef = 855097D527BCA8DB009AB868 /* SeeMoreView.swift */; };
		855097D727BCA8DB009AB868 /* SeeMoreView.swift in Sources */ = {isa = PBXBuildFile; fileRef = 855097D527BCA8DB009AB868 /* SeeMoreView.swift */; };
		855097DA27BCB552009AB868 /* Collections in Frameworks */ = {isa = PBXBuildFile; productRef = 855097D927BCB552009AB868 /* Collections */; };
		855097DC27BCB552009AB868 /* DequeModule in Frameworks */ = {isa = PBXBuildFile; productRef = 855097DB27BCB552009AB868 /* DequeModule */; };
		855097DE27BCB552009AB868 /* OrderedCollections in Frameworks */ = {isa = PBXBuildFile; productRef = 855097DD27BCB552009AB868 /* OrderedCollections */; };
		855097E227BCB5DB009AB868 /* TabViewPage.swift in Sources */ = {isa = PBXBuildFile; fileRef = 855097E127BCB5DB009AB868 /* TabViewPage.swift */; };
		855097E527BCB670009AB868 /* Kingfisher in Frameworks */ = {isa = PBXBuildFile; productRef = 855097E427BCB670009AB868 /* Kingfisher */; };
		855097E827BCC931009AB868 /* MovieDetailsView.swift in Sources */ = {isa = PBXBuildFile; fileRef = 855097E727BCC931009AB868 /* MovieDetailsView.swift */; };
		855097E927BCC931009AB868 /* MovieDetailsView.swift in Sources */ = {isa = PBXBuildFile; fileRef = 855097E727BCC931009AB868 /* MovieDetailsView.swift */; };
		858FB16727C0B51300332FFC /* FinderView.swift in Sources */ = {isa = PBXBuildFile; fileRef = 858FB16627C0B51300332FFC /* FinderView.swift */; };
		858FB16827C0B51300332FFC /* FinderView.swift in Sources */ = {isa = PBXBuildFile; fileRef = 858FB16627C0B51300332FFC /* FinderView.swift */; };
		858FB16B27C0B54500332FFC /* DownloadView.swift in Sources */ = {isa = PBXBuildFile; fileRef = 858FB16A27C0B54500332FFC /* DownloadView.swift */; };
		858FB16C27C0B54500332FFC /* DownloadView.swift in Sources */ = {isa = PBXBuildFile; fileRef = 858FB16A27C0B54500332FFC /* DownloadView.swift */; };
		858FB16F27C0B56300332FFC /* MyStuffView.swift in Sources */ = {isa = PBXBuildFile; fileRef = 858FB16E27C0B56300332FFC /* MyStuffView.swift */; };
		858FB17027C0B56300332FFC /* MyStuffView.swift in Sources */ = {isa = PBXBuildFile; fileRef = 858FB16E27C0B56300332FFC /* MyStuffView.swift */; };
		CA3CD48B27D767FB00D792BC /* PlayMovies.swift in Sources */ = {isa = PBXBuildFile; fileRef = CA3CD48A27D767FB00D792BC /* PlayMovies.swift */; };
		CA3CD48C27D767FB00D792BC /* PlayMovies.swift in Sources */ = {isa = PBXBuildFile; fileRef = CA3CD48A27D767FB00D792BC /* PlayMovies.swift */; };
		CA3CD48D27D767FB00D792BC /* PlayMovies.swift in Sources */ = {isa = PBXBuildFile; fileRef = CA3CD48A27D767FB00D792BC /* PlayMovies.swift */; };
		CA3CD48F27D7682800D792BC /* AVKit.framework in Frameworks */ = {isa = PBXBuildFile; fileRef = CA3CD48E27D7682800D792BC /* AVKit.framework */; };
		CA3CD49127D7683000D792BC /* AVKit.framework in Frameworks */ = {isa = PBXBuildFile; fileRef = CA3CD49027D7683000D792BC /* AVKit.framework */; };
		CA3CD49E27D768E700D792BC /* SampleVideo_1280x720_5mb.mp4 in Resources */ = {isa = PBXBuildFile; fileRef = CA3CD49327D768E500D792BC /* SampleVideo_1280x720_5mb.mp4 */; };
		CA3CD49F27D768E700D792BC /* SampleVideo_1280x720_5mb.mp4 in Resources */ = {isa = PBXBuildFile; fileRef = CA3CD49327D768E500D792BC /* SampleVideo_1280x720_5mb.mp4 */; };
		CA3CD4A027D768E700D792BC /* SampleVideo_720x480_1mb.mp4 in Resources */ = {isa = PBXBuildFile; fileRef = CA3CD49427D768E500D792BC /* SampleVideo_720x480_1mb.mp4 */; };
		CA3CD4A127D768E700D792BC /* SampleVideo_720x480_1mb.mp4 in Resources */ = {isa = PBXBuildFile; fileRef = CA3CD49427D768E500D792BC /* SampleVideo_720x480_1mb.mp4 */; };
		CA3CD4A227D768E700D792BC /* SampleVideo_640x360_2mb.mp4 in Resources */ = {isa = PBXBuildFile; fileRef = CA3CD49527D768E500D792BC /* SampleVideo_640x360_2mb.mp4 */; };
		CA3CD4A327D768E700D792BC /* SampleVideo_640x360_2mb.mp4 in Resources */ = {isa = PBXBuildFile; fileRef = CA3CD49527D768E500D792BC /* SampleVideo_640x360_2mb.mp4 */; };
		CA3CD4A427D768E700D792BC /* SampleVideo_640x360_1mb.mp4 in Resources */ = {isa = PBXBuildFile; fileRef = CA3CD49627D768E600D792BC /* SampleVideo_640x360_1mb.mp4 */; };
		CA3CD4A527D768E700D792BC /* SampleVideo_640x360_1mb.mp4 in Resources */ = {isa = PBXBuildFile; fileRef = CA3CD49627D768E600D792BC /* SampleVideo_640x360_1mb.mp4 */; };
		CA3CD4A627D768E700D792BC /* SampleVideo_720x480_2mb.mp4 in Resources */ = {isa = PBXBuildFile; fileRef = CA3CD49727D768E600D792BC /* SampleVideo_720x480_2mb.mp4 */; };
		CA3CD4A727D768E700D792BC /* SampleVideo_720x480_2mb.mp4 in Resources */ = {isa = PBXBuildFile; fileRef = CA3CD49727D768E600D792BC /* SampleVideo_720x480_2mb.mp4 */; };
		CA3CD4A827D768E700D792BC /* SampleVideo_640x360_5mb.mp4 in Resources */ = {isa = PBXBuildFile; fileRef = CA3CD49827D768E600D792BC /* SampleVideo_640x360_5mb.mp4 */; };
		CA3CD4A927D768E700D792BC /* SampleVideo_640x360_5mb.mp4 in Resources */ = {isa = PBXBuildFile; fileRef = CA3CD49827D768E600D792BC /* SampleVideo_640x360_5mb.mp4 */; };
		CA3CD4AA27D768E700D792BC /* SampleVideo_360x240_5mb.mp4 in Resources */ = {isa = PBXBuildFile; fileRef = CA3CD49927D768E600D792BC /* SampleVideo_360x240_5mb.mp4 */; };
		CA3CD4AB27D768E700D792BC /* SampleVideo_360x240_5mb.mp4 in Resources */ = {isa = PBXBuildFile; fileRef = CA3CD49927D768E600D792BC /* SampleVideo_360x240_5mb.mp4 */; };
		CA3CD4AC27D768E700D792BC /* SampleVideo_1280x720_2mb.mp4 in Resources */ = {isa = PBXBuildFile; fileRef = CA3CD49A27D768E600D792BC /* SampleVideo_1280x720_2mb.mp4 */; };
		CA3CD4AD27D768E700D792BC /* SampleVideo_1280x720_2mb.mp4 in Resources */ = {isa = PBXBuildFile; fileRef = CA3CD49A27D768E600D792BC /* SampleVideo_1280x720_2mb.mp4 */; };
		CA3CD4AE27D768E700D792BC /* SampleVideo_360x240_1mb.mp4 in Resources */ = {isa = PBXBuildFile; fileRef = CA3CD49B27D768E700D792BC /* SampleVideo_360x240_1mb.mp4 */; };
		CA3CD4AF27D768E700D792BC /* SampleVideo_360x240_1mb.mp4 in Resources */ = {isa = PBXBuildFile; fileRef = CA3CD49B27D768E700D792BC /* SampleVideo_360x240_1mb.mp4 */; };
		CA3CD4B027D768E700D792BC /* SampleVideo_360x240_2mb.mp4 in Resources */ = {isa = PBXBuildFile; fileRef = CA3CD49C27D768E700D792BC /* SampleVideo_360x240_2mb.mp4 */; };
		CA3CD4B127D768E700D792BC /* SampleVideo_360x240_2mb.mp4 in Resources */ = {isa = PBXBuildFile; fileRef = CA3CD49C27D768E700D792BC /* SampleVideo_360x240_2mb.mp4 */; };
		CA3CD4B227D768E700D792BC /* big_buck_bunny_720p_1mb.mp4 in Resources */ = {isa = PBXBuildFile; fileRef = CA3CD49D27D768E700D792BC /* big_buck_bunny_720p_1mb.mp4 */; };
		CA3CD4B327D768E700D792BC /* big_buck_bunny_720p_1mb.mp4 in Resources */ = {isa = PBXBuildFile; fileRef = CA3CD49D27D768E700D792BC /* big_buck_bunny_720p_1mb.mp4 */; };
		CA3CD52627D90A9C00D792BC /* NavigationStyleModifier.swift in Sources */ = {isa = PBXBuildFile; fileRef = CA3CD52527D90A9C00D792BC /* NavigationStyleModifier.swift */; };
		CA3CD52827D90AB900D792BC /* NavigationTitleModifier.swift in Sources */ = {isa = PBXBuildFile; fileRef = CA3CD52727D90AB900D792BC /* NavigationTitleModifier.swift */; };
		CA3CD52927D90AB900D792BC /* NavigationTitleModifier.swift in Sources */ = {isa = PBXBuildFile; fileRef = CA3CD52727D90AB900D792BC /* NavigationTitleModifier.swift */; };
		CA3CD52A27D90ABE00D792BC /* NavigationStyleModifier.swift in Sources */ = {isa = PBXBuildFile; fileRef = CA3CD52527D90A9C00D792BC /* NavigationStyleModifier.swift */; };
		CA3CD52C27D90B1900D792BC /* String+Extension.swift in Sources */ = {isa = PBXBuildFile; fileRef = CA3CD52B27D90B1900D792BC /* String+Extension.swift */; };
		CA3CD52D27D90B1900D792BC /* String+Extension.swift in Sources */ = {isa = PBXBuildFile; fileRef = CA3CD52B27D90B1900D792BC /* String+Extension.swift */; };
		CA90A3C627C502ED00BA7E73 /* TopToolBarView.swift in Sources */ = {isa = PBXBuildFile; fileRef = CA90A3C527C502ED00BA7E73 /* TopToolBarView.swift */; };
		CA90A3C727C502ED00BA7E73 /* TopToolBarView.swift in Sources */ = {isa = PBXBuildFile; fileRef = CA90A3C527C502ED00BA7E73 /* TopToolBarView.swift */; };
		CA90A3C927C5049300BA7E73 /* BottomToolBarBottons.swift in Sources */ = {isa = PBXBuildFile; fileRef = CA90A3C827C5049300BA7E73 /* BottomToolBarBottons.swift */; };
		CA90A3CA27C5059D00BA7E73 /* BottomToolBarBottons.swift in Sources */ = {isa = PBXBuildFile; fileRef = CA90A3C827C5049300BA7E73 /* BottomToolBarBottons.swift */; };
		CA90A3CC27C50CB200BA7E73 /* TopBannerView.swift in Sources */ = {isa = PBXBuildFile; fileRef = CA90A3CB27C50CB200BA7E73 /* TopBannerView.swift */; };
		CA90A3D227C74B1500BA7E73 /* OrientationInfo.swift in Sources */ = {isa = PBXBuildFile; fileRef = CA90A3CF27C7213500BA7E73 /* OrientationInfo.swift */; };
		CA90A3D427C7781F00BA7E73 /* TopBannerView.swift in Sources */ = {isa = PBXBuildFile; fileRef = CA90A3CB27C50CB200BA7E73 /* TopBannerView.swift */; };
		CA90A40427CB0A9C00BA7E73 /* MoviesAppTests.swift in Sources */ = {isa = PBXBuildFile; fileRef = CA90A40327CB0A9C00BA7E73 /* MoviesAppTests.swift */; };
		CA90A40E27CB0A9C00BA7E73 /* MoviesAppUITests.swift in Sources */ = {isa = PBXBuildFile; fileRef = CA90A40D27CB0A9C00BA7E73 /* MoviesAppUITests.swift */; };
		CA90A41027CB0A9C00BA7E73 /* MoviesAppUITestsLaunchTests.swift in Sources */ = {isa = PBXBuildFile; fileRef = CA90A40F27CB0A9C00BA7E73 /* MoviesAppUITestsLaunchTests.swift */; };
		CA90A42127CB0B0200BA7E73 /* MoviesTVAppApp.swift in Sources */ = {isa = PBXBuildFile; fileRef = CA90A42027CB0B0200BA7E73 /* MoviesTVAppApp.swift */; };
		CA90A42327CB0B0200BA7E73 /* ContentView.swift in Sources */ = {isa = PBXBuildFile; fileRef = CA90A42227CB0B0200BA7E73 /* ContentView.swift */; };
		CA90A42527CB0B0400BA7E73 /* Assets.xcassets in Resources */ = {isa = PBXBuildFile; fileRef = CA90A42427CB0B0400BA7E73 /* Assets.xcassets */; };
		CA90A42827CB0B0400BA7E73 /* Preview Assets.xcassets in Resources */ = {isa = PBXBuildFile; fileRef = CA90A42727CB0B0400BA7E73 /* Preview Assets.xcassets */; };
		CA90A43227CB0B0400BA7E73 /* MoviesTVAppTests.swift in Sources */ = {isa = PBXBuildFile; fileRef = CA90A43127CB0B0400BA7E73 /* MoviesTVAppTests.swift */; };
		CA90A43C27CB0B0400BA7E73 /* MoviesTVAppUITests.swift in Sources */ = {isa = PBXBuildFile; fileRef = CA90A43B27CB0B0400BA7E73 /* MoviesTVAppUITests.swift */; };
		CA90A43E27CB0B0400BA7E73 /* MoviesTVAppUITestsLaunchTests.swift in Sources */ = {isa = PBXBuildFile; fileRef = CA90A43D27CB0B0400BA7E73 /* MoviesTVAppUITestsLaunchTests.swift */; };
		CA90A44827CB0BBD00BA7E73 /* MoviesListView.swift in Sources */ = {isa = PBXBuildFile; fileRef = 852A505527BCA7DE00332A9B /* MoviesListView.swift */; };
		CA90A44927CB0BC300BA7E73 /* MoviesListViewModel.swift in Sources */ = {isa = PBXBuildFile; fileRef = 853A6AFE27BBE8A500BC47F2 /* MoviesListViewModel.swift */; };
		CA90A44A27CB0BC700BA7E73 /* SeeMoreView.swift in Sources */ = {isa = PBXBuildFile; fileRef = 855097D527BCA8DB009AB868 /* SeeMoreView.swift */; };
		CA90A44B27CB0BCA00BA7E73 /* MovieDetailsView.swift in Sources */ = {isa = PBXBuildFile; fileRef = 855097E727BCC931009AB868 /* MovieDetailsView.swift */; };
		CA90A44C27CB0BCF00BA7E73 /* StandardHomeMovie.swift in Sources */ = {isa = PBXBuildFile; fileRef = 853A6B0627BBF97E00BC47F2 /* StandardHomeMovie.swift */; };
		CA90A44D27CB0BD100BA7E73 /* HeaderViewMac.swift in Sources */ = {isa = PBXBuildFile; fileRef = 852EAB8327C1E7C400F26210 /* HeaderViewMac.swift */; };
		CA90A44E27CB0BD300BA7E73 /* TopToolBarView.swift in Sources */ = {isa = PBXBuildFile; fileRef = CA90A3C527C502ED00BA7E73 /* TopToolBarView.swift */; };
		CA90A44F27CB0BD600BA7E73 /* BottomToolBarBottons.swift in Sources */ = {isa = PBXBuildFile; fileRef = CA90A3C827C5049300BA7E73 /* BottomToolBarBottons.swift */; };
		CA90A45027CB0BD900BA7E73 /* TopBannerView.swift in Sources */ = {isa = PBXBuildFile; fileRef = CA90A3CB27C50CB200BA7E73 /* TopBannerView.swift */; };
		CA90A45127CB0BDD00BA7E73 /* HomePage.swift in Sources */ = {isa = PBXBuildFile; fileRef = 852A504D27BCA06000332A9B /* HomePage.swift */; };
		CA90A45227CB0BE100BA7E73 /* TabViewPage.swift in Sources */ = {isa = PBXBuildFile; fileRef = 855097E127BCB5DB009AB868 /* TabViewPage.swift */; };
		CA90A45427CB0BE500BA7E73 /* FinderView.swift in Sources */ = {isa = PBXBuildFile; fileRef = 858FB16627C0B51300332FFC /* FinderView.swift */; };
		CA90A45527CB0BE800BA7E73 /* DownloadView.swift in Sources */ = {isa = PBXBuildFile; fileRef = 858FB16A27C0B54500332FFC /* DownloadView.swift */; };
		CA90A45627CB0BEA00BA7E73 /* MyStuffView.swift in Sources */ = {isa = PBXBuildFile; fileRef = 858FB16E27C0B56300332FFC /* MyStuffView.swift */; };
		CA90A45827CB0C1200BA7E73 /* Kingfisher in Frameworks */ = {isa = PBXBuildFile; productRef = CA90A45727CB0C1200BA7E73 /* Kingfisher */; };
		CA90A45A27CB0C1200BA7E73 /* Collections in Frameworks */ = {isa = PBXBuildFile; productRef = CA90A45927CB0C1200BA7E73 /* Collections */; };
		CA90A45C27CB0C1200BA7E73 /* DequeModule in Frameworks */ = {isa = PBXBuildFile; productRef = CA90A45B27CB0C1200BA7E73 /* DequeModule */; };
		CA90A45E27CB0C1200BA7E73 /* OrderedCollections in Frameworks */ = {isa = PBXBuildFile; productRef = CA90A45D27CB0C1200BA7E73 /* OrderedCollections */; };
		CA90A45F27CB0C5B00BA7E73 /* NavigationSettings.swift in Sources */ = {isa = PBXBuildFile; fileRef = 852EAB7B27C1DD7800F26210 /* NavigationSettings.swift */; };
		CA90A46027CB0C5F00BA7E73 /* UIColor_Extension.swift in Sources */ = {isa = PBXBuildFile; fileRef = 852EAB8027C1DF7400F26210 /* UIColor_Extension.swift */; };
		CA90A46427CB0E1300BA7E73 /* View+Extensions.swift in Sources */ = {isa = PBXBuildFile; fileRef = CA90A46327CB0E1300BA7E73 /* View+Extensions.swift */; };
		CA90A46527CB0E2800BA7E73 /* View+Extensions.swift in Sources */ = {isa = PBXBuildFile; fileRef = CA90A46327CB0E1300BA7E73 /* View+Extensions.swift */; };
		CA90A46627CB0E2A00BA7E73 /* View+Extensions.swift in Sources */ = {isa = PBXBuildFile; fileRef = CA90A46327CB0E1300BA7E73 /* View+Extensions.swift */; };
		CAAB189327D62330005AA8B8 /* SearchViewModel.swift in Sources */ = {isa = PBXBuildFile; fileRef = CAAB189227D62330005AA8B8 /* SearchViewModel.swift */; };
		CAAB189427D62330005AA8B8 /* SearchViewModel.swift in Sources */ = {isa = PBXBuildFile; fileRef = CAAB189227D62330005AA8B8 /* SearchViewModel.swift */; };
		CAAB189527D62330005AA8B8 /* SearchViewModel.swift in Sources */ = {isa = PBXBuildFile; fileRef = CAAB189227D62330005AA8B8 /* SearchViewModel.swift */; };
		CAAB189727D6EDE1005AA8B8 /* MoviesHome.swift in Sources */ = {isa = PBXBuildFile; fileRef = CAAB189627D6EDE0005AA8B8 /* MoviesHome.swift */; };
		CAAB189827D6EDE1005AA8B8 /* MoviesHome.swift in Sources */ = {isa = PBXBuildFile; fileRef = CAAB189627D6EDE0005AA8B8 /* MoviesHome.swift */; };
		CAAB189927D6EDE1005AA8B8 /* MoviesHome.swift in Sources */ = {isa = PBXBuildFile; fileRef = CAAB189627D6EDE0005AA8B8 /* MoviesHome.swift */; };
/* End PBXBuildFile section */

/* Begin PBXContainerItemProxy section */
		853A6AD627BBE64C00BC47F2 /* PBXContainerItemProxy */ = {
			isa = PBXContainerItemProxy;
			containerPortal = 853A6ABC27BBE64500BC47F2 /* Project object */;
			proxyType = 1;
			remoteGlobalIDString = 853A6AC727BBE64C00BC47F2;
			remoteInfo = "MoviesApp (iOS)";
		};
		853A6AE227BBE64C00BC47F2 /* PBXContainerItemProxy */ = {
			isa = PBXContainerItemProxy;
			containerPortal = 853A6ABC27BBE64500BC47F2 /* Project object */;
			proxyType = 1;
			remoteGlobalIDString = 853A6ACD27BBE64C00BC47F2;
			remoteInfo = "MoviesApp (macOS)";
		};
		CA90A42E27CB0B0400BA7E73 /* PBXContainerItemProxy */ = {
			isa = PBXContainerItemProxy;
			containerPortal = 853A6ABC27BBE64500BC47F2 /* Project object */;
			proxyType = 1;
			remoteGlobalIDString = CA90A41D27CB0B0200BA7E73;
			remoteInfo = MoviesTVApp;
		};
		CA90A43827CB0B0400BA7E73 /* PBXContainerItemProxy */ = {
			isa = PBXContainerItemProxy;
			containerPortal = 853A6ABC27BBE64500BC47F2 /* Project object */;
			proxyType = 1;
			remoteGlobalIDString = CA90A41D27CB0B0200BA7E73;
			remoteInfo = MoviesTVApp;
		};
/* End PBXContainerItemProxy section */

/* Begin PBXFileReference section */
		852A504D27BCA06000332A9B /* HomePage.swift */ = {isa = PBXFileReference; lastKnownFileType = sourcecode.swift; path = HomePage.swift; sourceTree = "<group>"; };
		852A505027BCA39900332A9B /* TabViewPage.swift */ = {isa = PBXFileReference; lastKnownFileType = sourcecode.swift; path = TabViewPage.swift; sourceTree = "<group>"; };
		852A505527BCA7DE00332A9B /* MoviesListView.swift */ = {isa = PBXFileReference; fileEncoding = 4; lastKnownFileType = sourcecode.swift; path = MoviesListView.swift; sourceTree = "<group>"; };
		852EAB7B27C1DD7800F26210 /* NavigationSettings.swift */ = {isa = PBXFileReference; lastKnownFileType = sourcecode.swift; path = NavigationSettings.swift; sourceTree = "<group>"; };
		852EAB8027C1DF7400F26210 /* UIColor_Extension.swift */ = {isa = PBXFileReference; lastKnownFileType = sourcecode.swift; path = UIColor_Extension.swift; sourceTree = "<group>"; };
		852EAB8327C1E7C400F26210 /* HeaderViewMac.swift */ = {isa = PBXFileReference; lastKnownFileType = sourcecode.swift; path = HeaderViewMac.swift; sourceTree = "<group>"; };
		853A6AC127BBE64600BC47F2 /* MoviesAppApp.swift */ = {isa = PBXFileReference; lastKnownFileType = sourcecode.swift; path = MoviesAppApp.swift; sourceTree = "<group>"; };
		853A6AC327BBE64C00BC47F2 /* Assets.xcassets */ = {isa = PBXFileReference; lastKnownFileType = folder.assetcatalog; path = Assets.xcassets; sourceTree = "<group>"; };
		853A6AC827BBE64C00BC47F2 /* MoviesApp.app */ = {isa = PBXFileReference; explicitFileType = wrapper.application; includeInIndex = 0; path = MoviesApp.app; sourceTree = BUILT_PRODUCTS_DIR; };
		853A6ACE27BBE64C00BC47F2 /* MoviesApp.app */ = {isa = PBXFileReference; explicitFileType = wrapper.application; includeInIndex = 0; path = MoviesApp.app; sourceTree = BUILT_PRODUCTS_DIR; };
		853A6AD027BBE64C00BC47F2 /* macOS.entitlements */ = {isa = PBXFileReference; lastKnownFileType = text.plist.entitlements; path = macOS.entitlements; sourceTree = "<group>"; };
		853A6AD527BBE64C00BC47F2 /* Tests iOS.xctest */ = {isa = PBXFileReference; explicitFileType = wrapper.cfbundle; includeInIndex = 0; path = "Tests iOS.xctest"; sourceTree = BUILT_PRODUCTS_DIR; };
		853A6AD927BBE64C00BC47F2 /* Tests_iOS.swift */ = {isa = PBXFileReference; lastKnownFileType = sourcecode.swift; path = Tests_iOS.swift; sourceTree = "<group>"; };
		853A6ADB27BBE64C00BC47F2 /* Tests_iOSLaunchTests.swift */ = {isa = PBXFileReference; lastKnownFileType = sourcecode.swift; path = Tests_iOSLaunchTests.swift; sourceTree = "<group>"; };
		853A6AE127BBE64C00BC47F2 /* Tests macOS.xctest */ = {isa = PBXFileReference; explicitFileType = wrapper.cfbundle; includeInIndex = 0; path = "Tests macOS.xctest"; sourceTree = BUILT_PRODUCTS_DIR; };
		853A6AE527BBE64C00BC47F2 /* Tests_macOS.swift */ = {isa = PBXFileReference; lastKnownFileType = sourcecode.swift; path = Tests_macOS.swift; sourceTree = "<group>"; };
		853A6AE727BBE64C00BC47F2 /* Tests_macOSLaunchTests.swift */ = {isa = PBXFileReference; lastKnownFileType = sourcecode.swift; path = Tests_macOSLaunchTests.swift; sourceTree = "<group>"; };
		853A6AFE27BBE8A500BC47F2 /* MoviesListViewModel.swift */ = {isa = PBXFileReference; lastKnownFileType = sourcecode.swift; path = MoviesListViewModel.swift; sourceTree = "<group>"; };
		853A6B0127BBF12400BC47F2 /* MoviesApp (iOS).entitlements */ = {isa = PBXFileReference; lastKnownFileType = text.plist.entitlements; path = "MoviesApp (iOS).entitlements"; sourceTree = "<group>"; };
		853A6B0627BBF97E00BC47F2 /* StandardHomeMovie.swift */ = {isa = PBXFileReference; lastKnownFileType = sourcecode.swift; path = StandardHomeMovie.swift; sourceTree = "<group>"; };
		855097D527BCA8DB009AB868 /* SeeMoreView.swift */ = {isa = PBXFileReference; lastKnownFileType = sourcecode.swift; path = SeeMoreView.swift; sourceTree = "<group>"; };
		855097E127BCB5DB009AB868 /* TabViewPage.swift */ = {isa = PBXFileReference; lastKnownFileType = sourcecode.swift; path = TabViewPage.swift; sourceTree = "<group>"; };
		855097E727BCC931009AB868 /* MovieDetailsView.swift */ = {isa = PBXFileReference; lastKnownFileType = sourcecode.swift; path = MovieDetailsView.swift; sourceTree = "<group>"; };
		858FB16127BFBF8800332FFC /* MoviesApp--iOS--Info.plist */ = {isa = PBXFileReference; lastKnownFileType = text.plist; path = "MoviesApp--iOS--Info.plist"; sourceTree = "<group>"; };
		858FB16627C0B51300332FFC /* FinderView.swift */ = {isa = PBXFileReference; lastKnownFileType = sourcecode.swift; path = FinderView.swift; sourceTree = "<group>"; };
		858FB16A27C0B54500332FFC /* DownloadView.swift */ = {isa = PBXFileReference; lastKnownFileType = sourcecode.swift; path = DownloadView.swift; sourceTree = "<group>"; };
		858FB16E27C0B56300332FFC /* MyStuffView.swift */ = {isa = PBXFileReference; lastKnownFileType = sourcecode.swift; path = MyStuffView.swift; sourceTree = "<group>"; };
		858FB17127C140E800332FFC /* MoviesApp--macOS--Info.plist */ = {isa = PBXFileReference; lastKnownFileType = text.plist; path = "MoviesApp--macOS--Info.plist"; sourceTree = "<group>"; };
		CA3CD48A27D767FB00D792BC /* PlayMovies.swift */ = {isa = PBXFileReference; lastKnownFileType = sourcecode.swift; path = PlayMovies.swift; sourceTree = "<group>"; };
		CA3CD48E27D7682800D792BC /* AVKit.framework */ = {isa = PBXFileReference; lastKnownFileType = wrapper.framework; name = AVKit.framework; path = System/iOSSupport/System/Library/Frameworks/AVKit.framework; sourceTree = SDKROOT; };
		CA3CD49027D7683000D792BC /* AVKit.framework */ = {isa = PBXFileReference; lastKnownFileType = wrapper.framework; name = AVKit.framework; path = System/Library/Frameworks/AVKit.framework; sourceTree = SDKROOT; };
		CA3CD49327D768E500D792BC /* SampleVideo_1280x720_5mb.mp4 */ = {isa = PBXFileReference; lastKnownFileType = file; path = SampleVideo_1280x720_5mb.mp4; sourceTree = "<group>"; };
		CA3CD49427D768E500D792BC /* SampleVideo_720x480_1mb.mp4 */ = {isa = PBXFileReference; lastKnownFileType = file; path = SampleVideo_720x480_1mb.mp4; sourceTree = "<group>"; };
		CA3CD49527D768E500D792BC /* SampleVideo_640x360_2mb.mp4 */ = {isa = PBXFileReference; lastKnownFileType = file; path = SampleVideo_640x360_2mb.mp4; sourceTree = "<group>"; };
		CA3CD49627D768E600D792BC /* SampleVideo_640x360_1mb.mp4 */ = {isa = PBXFileReference; lastKnownFileType = file; path = SampleVideo_640x360_1mb.mp4; sourceTree = "<group>"; };
		CA3CD49727D768E600D792BC /* SampleVideo_720x480_2mb.mp4 */ = {isa = PBXFileReference; lastKnownFileType = file; path = SampleVideo_720x480_2mb.mp4; sourceTree = "<group>"; };
		CA3CD49827D768E600D792BC /* SampleVideo_640x360_5mb.mp4 */ = {isa = PBXFileReference; lastKnownFileType = file; path = SampleVideo_640x360_5mb.mp4; sourceTree = "<group>"; };
		CA3CD49927D768E600D792BC /* SampleVideo_360x240_5mb.mp4 */ = {isa = PBXFileReference; lastKnownFileType = file; path = SampleVideo_360x240_5mb.mp4; sourceTree = "<group>"; };
		CA3CD49A27D768E600D792BC /* SampleVideo_1280x720_2mb.mp4 */ = {isa = PBXFileReference; lastKnownFileType = file; path = SampleVideo_1280x720_2mb.mp4; sourceTree = "<group>"; };
		CA3CD49B27D768E700D792BC /* SampleVideo_360x240_1mb.mp4 */ = {isa = PBXFileReference; lastKnownFileType = file; path = SampleVideo_360x240_1mb.mp4; sourceTree = "<group>"; };
		CA3CD49C27D768E700D792BC /* SampleVideo_360x240_2mb.mp4 */ = {isa = PBXFileReference; lastKnownFileType = file; path = SampleVideo_360x240_2mb.mp4; sourceTree = "<group>"; };
		CA3CD49D27D768E700D792BC /* big_buck_bunny_720p_1mb.mp4 */ = {isa = PBXFileReference; lastKnownFileType = file; path = big_buck_bunny_720p_1mb.mp4; sourceTree = "<group>"; };
		CA3CD52527D90A9C00D792BC /* NavigationStyleModifier.swift */ = {isa = PBXFileReference; lastKnownFileType = sourcecode.swift; path = NavigationStyleModifier.swift; sourceTree = "<group>"; };
		CA3CD52727D90AB900D792BC /* NavigationTitleModifier.swift */ = {isa = PBXFileReference; lastKnownFileType = sourcecode.swift; path = NavigationTitleModifier.swift; sourceTree = "<group>"; };
		CA3CD52B27D90B1900D792BC /* String+Extension.swift */ = {isa = PBXFileReference; lastKnownFileType = sourcecode.swift; path = "String+Extension.swift"; sourceTree = "<group>"; };
		CA90A3C527C502ED00BA7E73 /* TopToolBarView.swift */ = {isa = PBXFileReference; lastKnownFileType = sourcecode.swift; path = TopToolBarView.swift; sourceTree = "<group>"; };
		CA90A3C827C5049300BA7E73 /* BottomToolBarBottons.swift */ = {isa = PBXFileReference; lastKnownFileType = sourcecode.swift; path = BottomToolBarBottons.swift; sourceTree = "<group>"; };
		CA90A3CB27C50CB200BA7E73 /* TopBannerView.swift */ = {isa = PBXFileReference; lastKnownFileType = sourcecode.swift; path = TopBannerView.swift; sourceTree = "<group>"; };
		CA90A3CF27C7213500BA7E73 /* OrientationInfo.swift */ = {isa = PBXFileReference; lastKnownFileType = sourcecode.swift; path = OrientationInfo.swift; sourceTree = "<group>"; };
		CA90A3FF27CB0A9B00BA7E73 /* MoviesAppTests.xctest */ = {isa = PBXFileReference; explicitFileType = wrapper.cfbundle; includeInIndex = 0; path = MoviesAppTests.xctest; sourceTree = BUILT_PRODUCTS_DIR; };
		CA90A40327CB0A9C00BA7E73 /* MoviesAppTests.swift */ = {isa = PBXFileReference; lastKnownFileType = sourcecode.swift; path = MoviesAppTests.swift; sourceTree = "<group>"; };
		CA90A40927CB0A9C00BA7E73 /* MoviesAppUITests.xctest */ = {isa = PBXFileReference; explicitFileType = wrapper.cfbundle; includeInIndex = 0; path = MoviesAppUITests.xctest; sourceTree = BUILT_PRODUCTS_DIR; };
		CA90A40D27CB0A9C00BA7E73 /* MoviesAppUITests.swift */ = {isa = PBXFileReference; lastKnownFileType = sourcecode.swift; path = MoviesAppUITests.swift; sourceTree = "<group>"; };
		CA90A40F27CB0A9C00BA7E73 /* MoviesAppUITestsLaunchTests.swift */ = {isa = PBXFileReference; lastKnownFileType = sourcecode.swift; path = MoviesAppUITestsLaunchTests.swift; sourceTree = "<group>"; };
		CA90A41E27CB0B0200BA7E73 /* MoviesTVApp.app */ = {isa = PBXFileReference; explicitFileType = wrapper.application; includeInIndex = 0; path = MoviesTVApp.app; sourceTree = BUILT_PRODUCTS_DIR; };
		CA90A42027CB0B0200BA7E73 /* MoviesTVAppApp.swift */ = {isa = PBXFileReference; lastKnownFileType = sourcecode.swift; path = MoviesTVAppApp.swift; sourceTree = "<group>"; };
		CA90A42227CB0B0200BA7E73 /* ContentView.swift */ = {isa = PBXFileReference; lastKnownFileType = sourcecode.swift; path = ContentView.swift; sourceTree = "<group>"; };
		CA90A42427CB0B0400BA7E73 /* Assets.xcassets */ = {isa = PBXFileReference; lastKnownFileType = folder.assetcatalog; path = Assets.xcassets; sourceTree = "<group>"; };
		CA90A42727CB0B0400BA7E73 /* Preview Assets.xcassets */ = {isa = PBXFileReference; lastKnownFileType = folder.assetcatalog; path = "Preview Assets.xcassets"; sourceTree = "<group>"; };
		CA90A42D27CB0B0400BA7E73 /* MoviesTVAppTests.xctest */ = {isa = PBXFileReference; explicitFileType = wrapper.cfbundle; includeInIndex = 0; path = MoviesTVAppTests.xctest; sourceTree = BUILT_PRODUCTS_DIR; };
		CA90A43127CB0B0400BA7E73 /* MoviesTVAppTests.swift */ = {isa = PBXFileReference; lastKnownFileType = sourcecode.swift; path = MoviesTVAppTests.swift; sourceTree = "<group>"; };
		CA90A43727CB0B0400BA7E73 /* MoviesTVAppUITests.xctest */ = {isa = PBXFileReference; explicitFileType = wrapper.cfbundle; includeInIndex = 0; path = MoviesTVAppUITests.xctest; sourceTree = BUILT_PRODUCTS_DIR; };
		CA90A43B27CB0B0400BA7E73 /* MoviesTVAppUITests.swift */ = {isa = PBXFileReference; lastKnownFileType = sourcecode.swift; path = MoviesTVAppUITests.swift; sourceTree = "<group>"; };
		CA90A43D27CB0B0400BA7E73 /* MoviesTVAppUITestsLaunchTests.swift */ = {isa = PBXFileReference; lastKnownFileType = sourcecode.swift; path = MoviesTVAppUITestsLaunchTests.swift; sourceTree = "<group>"; };
		CA90A46327CB0E1300BA7E73 /* View+Extensions.swift */ = {isa = PBXFileReference; lastKnownFileType = sourcecode.swift; path = "View+Extensions.swift"; sourceTree = "<group>"; };
		CAAB189227D62330005AA8B8 /* SearchViewModel.swift */ = {isa = PBXFileReference; lastKnownFileType = sourcecode.swift; path = SearchViewModel.swift; sourceTree = "<group>"; };
		CAAB189627D6EDE0005AA8B8 /* MoviesHome.swift */ = {isa = PBXFileReference; lastKnownFileType = sourcecode.swift; path = MoviesHome.swift; sourceTree = "<group>"; };
/* End PBXFileReference section */

/* Begin PBXFrameworksBuildPhase section */
		853A6AC527BBE64C00BC47F2 /* Frameworks */ = {
			isa = PBXFrameworksBuildPhase;
			buildActionMask = 2147483647;
			files = (
				CA3CD48F27D7682800D792BC /* AVKit.framework in Frameworks */,
				855097DA27BCB552009AB868 /* Collections in Frameworks */,
				853A6B0427BBF54100BC47F2 /* Kingfisher in Frameworks */,
				855097DE27BCB552009AB868 /* OrderedCollections in Frameworks */,
				855097DC27BCB552009AB868 /* DequeModule in Frameworks */,
			);
			runOnlyForDeploymentPostprocessing = 0;
		};
		853A6ACB27BBE64C00BC47F2 /* Frameworks */ = {
			isa = PBXFrameworksBuildPhase;
			buildActionMask = 2147483647;
			files = (
				CA3CD49127D7683000D792BC /* AVKit.framework in Frameworks */,
				855097E527BCB670009AB868 /* Kingfisher in Frameworks */,
				852A504727BC9D4B00332A9B /* Collections in Frameworks */,
				852A504927BC9D4B00332A9B /* DequeModule in Frameworks */,
				852A504B27BC9D4B00332A9B /* OrderedCollections in Frameworks */,
			);
			runOnlyForDeploymentPostprocessing = 0;
		};
		853A6AD227BBE64C00BC47F2 /* Frameworks */ = {
			isa = PBXFrameworksBuildPhase;
			buildActionMask = 2147483647;
			files = (
			);
			runOnlyForDeploymentPostprocessing = 0;
		};
		853A6ADE27BBE64C00BC47F2 /* Frameworks */ = {
			isa = PBXFrameworksBuildPhase;
			buildActionMask = 2147483647;
			files = (
			);
			runOnlyForDeploymentPostprocessing = 0;
		};
		CA90A3FC27CB0A9B00BA7E73 /* Frameworks */ = {
			isa = PBXFrameworksBuildPhase;
			buildActionMask = 2147483647;
			files = (
			);
			runOnlyForDeploymentPostprocessing = 0;
		};
		CA90A40627CB0A9C00BA7E73 /* Frameworks */ = {
			isa = PBXFrameworksBuildPhase;
			buildActionMask = 2147483647;
			files = (
			);
			runOnlyForDeploymentPostprocessing = 0;
		};
		CA90A41B27CB0B0200BA7E73 /* Frameworks */ = {
			isa = PBXFrameworksBuildPhase;
			buildActionMask = 2147483647;
			files = (
				CA90A45A27CB0C1200BA7E73 /* Collections in Frameworks */,
				CA90A45827CB0C1200BA7E73 /* Kingfisher in Frameworks */,
				CA90A45E27CB0C1200BA7E73 /* OrderedCollections in Frameworks */,
				CA90A45C27CB0C1200BA7E73 /* DequeModule in Frameworks */,
			);
			runOnlyForDeploymentPostprocessing = 0;
		};
		CA90A42A27CB0B0400BA7E73 /* Frameworks */ = {
			isa = PBXFrameworksBuildPhase;
			buildActionMask = 2147483647;
			files = (
			);
			runOnlyForDeploymentPostprocessing = 0;
		};
		CA90A43427CB0B0400BA7E73 /* Frameworks */ = {
			isa = PBXFrameworksBuildPhase;
			buildActionMask = 2147483647;
			files = (
			);
			runOnlyForDeploymentPostprocessing = 0;
		};
/* End PBXFrameworksBuildPhase section */

/* Begin PBXGroup section */
		852A504C27BCA03600332A9B /* Home */ = {
			isa = PBXGroup;
			children = (
				852A504D27BCA06000332A9B /* HomePage.swift */,
			);
			path = Home;
			sourceTree = "<group>";
		};
		852EAB7A27C1DD5800F26210 /* NavigationItem */ = {
			isa = PBXGroup;
			children = (
				852EAB7B27C1DD7800F26210 /* NavigationSettings.swift */,
			);
			path = NavigationItem;
			sourceTree = "<group>";
		};
		852EAB7E27C1DF4B00F26210 /* Colors */ = {
			isa = PBXGroup;
			children = (
				852EAB8027C1DF7400F26210 /* UIColor_Extension.swift */,
			);
			path = Colors;
			sourceTree = "<group>";
		};
		853A6ABB27BBE64500BC47F2 = {
			isa = PBXGroup;
			children = (
				858FB17127C140E800332FFC /* MoviesApp--macOS--Info.plist */,
				858FB16127BFBF8800332FFC /* MoviesApp--iOS--Info.plist */,
				853A6B0127BBF12400BC47F2 /* MoviesApp (iOS).entitlements */,
				853A6AC027BBE64600BC47F2 /* Shared */,
				853A6ACF27BBE64C00BC47F2 /* macOS */,
				CA90A41F27CB0B0200BA7E73 /* MoviesTVApp */,
				853A6AD827BBE64C00BC47F2 /* Tests iOS */,
				853A6AE427BBE64C00BC47F2 /* Tests macOS */,
				CA90A40227CB0A9C00BA7E73 /* MoviesAppTests */,
				CA90A40C27CB0A9C00BA7E73 /* MoviesAppUITests */,
				CA90A43027CB0B0400BA7E73 /* MoviesTVAppTests */,
				CA90A43A27CB0B0400BA7E73 /* MoviesTVAppUITests */,
				853A6AC927BBE64C00BC47F2 /* Products */,
				855097D827BCB552009AB868 /* Frameworks */,
			);
			sourceTree = "<group>";
		};
		853A6AC027BBE64600BC47F2 /* Shared */ = {
			isa = PBXGroup;
			children = (
				CA3CD52427D90A4100D792BC /* ViewModifiers */,
				CA3CD49227D768CA00D792BC /* Resources */,
				CA90A46227CB0DF100BA7E73 /* Extensions */,
				CA90A3CE27C720F300BA7E73 /* DeviceOrientataion */,
				852EAB7E27C1DF4B00F26210 /* Colors */,
				852EAB7A27C1DD5800F26210 /* NavigationItem */,
				858FB16D27C0B54A00332FFC /* MyStuff */,
				858FB16927C0B52D00332FFC /* Downloads */,
				858FB16527C0B4FC00332FFC /* Search */,
				855097E027BCB5B4009AB868 /* TabView */,
				852A504C27BCA03600332A9B /* Home */,
				853A6B0527BBF95600BC47F2 /* HelperViews */,
				853A6AFD27BBE88100BC47F2 /* Movies */,
				853A6AC127BBE64600BC47F2 /* MoviesAppApp.swift */,
				853A6AC327BBE64C00BC47F2 /* Assets.xcassets */,
			);
			path = Shared;
			sourceTree = "<group>";
		};
		853A6AC927BBE64C00BC47F2 /* Products */ = {
			isa = PBXGroup;
			children = (
				853A6AC827BBE64C00BC47F2 /* MoviesApp.app */,
				853A6ACE27BBE64C00BC47F2 /* MoviesApp.app */,
				853A6AD527BBE64C00BC47F2 /* Tests iOS.xctest */,
				853A6AE127BBE64C00BC47F2 /* Tests macOS.xctest */,
				CA90A3FF27CB0A9B00BA7E73 /* MoviesAppTests.xctest */,
				CA90A40927CB0A9C00BA7E73 /* MoviesAppUITests.xctest */,
				CA90A41E27CB0B0200BA7E73 /* MoviesTVApp.app */,
				CA90A42D27CB0B0400BA7E73 /* MoviesTVAppTests.xctest */,
				CA90A43727CB0B0400BA7E73 /* MoviesTVAppUITests.xctest */,
			);
			name = Products;
			sourceTree = "<group>";
		};
		853A6ACF27BBE64C00BC47F2 /* macOS */ = {
			isa = PBXGroup;
			children = (
				853A6AD027BBE64C00BC47F2 /* macOS.entitlements */,
				852A505027BCA39900332A9B /* TabViewPage.swift */,
			);
			path = macOS;
			sourceTree = "<group>";
		};
		853A6AD827BBE64C00BC47F2 /* Tests iOS */ = {
			isa = PBXGroup;
			children = (
				853A6AD927BBE64C00BC47F2 /* Tests_iOS.swift */,
				853A6ADB27BBE64C00BC47F2 /* Tests_iOSLaunchTests.swift */,
			);
			path = "Tests iOS";
			sourceTree = "<group>";
		};
		853A6AE427BBE64C00BC47F2 /* Tests macOS */ = {
			isa = PBXGroup;
			children = (
				853A6AE527BBE64C00BC47F2 /* Tests_macOS.swift */,
				853A6AE727BBE64C00BC47F2 /* Tests_macOSLaunchTests.swift */,
			);
			path = "Tests macOS";
			sourceTree = "<group>";
		};
		853A6AFD27BBE88100BC47F2 /* Movies */ = {
			isa = PBXGroup;
			children = (
				852A505527BCA7DE00332A9B /* MoviesListView.swift */,
				853A6AFE27BBE8A500BC47F2 /* MoviesListViewModel.swift */,
				855097D527BCA8DB009AB868 /* SeeMoreView.swift */,
				855097E727BCC931009AB868 /* MovieDetailsView.swift */,
				CAAB189627D6EDE0005AA8B8 /* MoviesHome.swift */,
			);
			path = Movies;
			sourceTree = "<group>";
		};
		853A6B0527BBF95600BC47F2 /* HelperViews */ = {
			isa = PBXGroup;
			children = (
				853A6B0627BBF97E00BC47F2 /* StandardHomeMovie.swift */,
				852EAB8327C1E7C400F26210 /* HeaderViewMac.swift */,
				CA90A3C527C502ED00BA7E73 /* TopToolBarView.swift */,
				CA90A3C827C5049300BA7E73 /* BottomToolBarBottons.swift */,
				CA90A3CB27C50CB200BA7E73 /* TopBannerView.swift */,
				CA3CD48A27D767FB00D792BC /* PlayMovies.swift */,
			);
			path = HelperViews;
			sourceTree = "<group>";
		};
		855097D827BCB552009AB868 /* Frameworks */ = {
			isa = PBXGroup;
			children = (
				CA3CD49027D7683000D792BC /* AVKit.framework */,
				CA3CD48E27D7682800D792BC /* AVKit.framework */,
			);
			name = Frameworks;
			sourceTree = "<group>";
		};
		855097E027BCB5B4009AB868 /* TabView */ = {
			isa = PBXGroup;
			children = (
				855097E127BCB5DB009AB868 /* TabViewPage.swift */,
			);
			path = TabView;
			sourceTree = "<group>";
		};
		858FB16527C0B4FC00332FFC /* Search */ = {
			isa = PBXGroup;
			children = (
				858FB16627C0B51300332FFC /* FinderView.swift */,
				CAAB189227D62330005AA8B8 /* SearchViewModel.swift */,
			);
			path = Search;
			sourceTree = "<group>";
		};
		858FB16927C0B52D00332FFC /* Downloads */ = {
			isa = PBXGroup;
			children = (
				858FB16A27C0B54500332FFC /* DownloadView.swift */,
			);
			path = Downloads;
			sourceTree = "<group>";
		};
		858FB16D27C0B54A00332FFC /* MyStuff */ = {
			isa = PBXGroup;
			children = (
				858FB16E27C0B56300332FFC /* MyStuffView.swift */,
			);
			path = MyStuff;
			sourceTree = "<group>";
		};
		CA3CD49227D768CA00D792BC /* Resources */ = {
			isa = PBXGroup;
			children = (
				CA3CD49D27D768E700D792BC /* big_buck_bunny_720p_1mb.mp4 */,
				CA3CD49B27D768E700D792BC /* SampleVideo_360x240_1mb.mp4 */,
				CA3CD49C27D768E700D792BC /* SampleVideo_360x240_2mb.mp4 */,
				CA3CD49927D768E600D792BC /* SampleVideo_360x240_5mb.mp4 */,
				CA3CD49627D768E600D792BC /* SampleVideo_640x360_1mb.mp4 */,
				CA3CD49527D768E500D792BC /* SampleVideo_640x360_2mb.mp4 */,
				CA3CD49827D768E600D792BC /* SampleVideo_640x360_5mb.mp4 */,
				CA3CD49427D768E500D792BC /* SampleVideo_720x480_1mb.mp4 */,
				CA3CD49727D768E600D792BC /* SampleVideo_720x480_2mb.mp4 */,
				CA3CD49A27D768E600D792BC /* SampleVideo_1280x720_2mb.mp4 */,
				CA3CD49327D768E500D792BC /* SampleVideo_1280x720_5mb.mp4 */,
			);
			path = Resources;
			sourceTree = "<group>";
		};
		CA3CD52427D90A4100D792BC /* ViewModifiers */ = {
			isa = PBXGroup;
			children = (
				CA3CD52527D90A9C00D792BC /* NavigationStyleModifier.swift */,
				CA3CD52727D90AB900D792BC /* NavigationTitleModifier.swift */,
			);
			path = ViewModifiers;
			sourceTree = "<group>";
		};
		CA90A3CE27C720F300BA7E73 /* DeviceOrientataion */ = {
			isa = PBXGroup;
			children = (
				CA90A3CF27C7213500BA7E73 /* OrientationInfo.swift */,
			);
			path = DeviceOrientataion;
			sourceTree = "<group>";
		};
		CA90A40227CB0A9C00BA7E73 /* MoviesAppTests */ = {
			isa = PBXGroup;
			children = (
				CA90A40327CB0A9C00BA7E73 /* MoviesAppTests.swift */,
			);
			path = MoviesAppTests;
			sourceTree = "<group>";
		};
		CA90A40C27CB0A9C00BA7E73 /* MoviesAppUITests */ = {
			isa = PBXGroup;
			children = (
				CA90A40D27CB0A9C00BA7E73 /* MoviesAppUITests.swift */,
				CA90A40F27CB0A9C00BA7E73 /* MoviesAppUITestsLaunchTests.swift */,
			);
			path = MoviesAppUITests;
			sourceTree = "<group>";
		};
		CA90A41F27CB0B0200BA7E73 /* MoviesTVApp */ = {
			isa = PBXGroup;
			children = (
				CA90A42027CB0B0200BA7E73 /* MoviesTVAppApp.swift */,
				CA90A42227CB0B0200BA7E73 /* ContentView.swift */,
				CA90A42427CB0B0400BA7E73 /* Assets.xcassets */,
				CA90A42627CB0B0400BA7E73 /* Preview Content */,
			);
			path = MoviesTVApp;
			sourceTree = "<group>";
		};
		CA90A42627CB0B0400BA7E73 /* Preview Content */ = {
			isa = PBXGroup;
			children = (
				CA90A42727CB0B0400BA7E73 /* Preview Assets.xcassets */,
			);
			path = "Preview Content";
			sourceTree = "<group>";
		};
		CA90A43027CB0B0400BA7E73 /* MoviesTVAppTests */ = {
			isa = PBXGroup;
			children = (
				CA90A43127CB0B0400BA7E73 /* MoviesTVAppTests.swift */,
			);
			path = MoviesTVAppTests;
			sourceTree = "<group>";
		};
		CA90A43A27CB0B0400BA7E73 /* MoviesTVAppUITests */ = {
			isa = PBXGroup;
			children = (
				CA90A43B27CB0B0400BA7E73 /* MoviesTVAppUITests.swift */,
				CA90A43D27CB0B0400BA7E73 /* MoviesTVAppUITestsLaunchTests.swift */,
			);
			path = MoviesTVAppUITests;
			sourceTree = "<group>";
		};
		CA90A46227CB0DF100BA7E73 /* Extensions */ = {
			isa = PBXGroup;
			children = (
				CA90A46327CB0E1300BA7E73 /* View+Extensions.swift */,
				CA3CD52B27D90B1900D792BC /* String+Extension.swift */,
			);
			path = Extensions;
			sourceTree = "<group>";
		};
/* End PBXGroup section */

/* Begin PBXNativeTarget section */
		853A6AC727BBE64C00BC47F2 /* MoviesApp (iOS) */ = {
			isa = PBXNativeTarget;
			buildConfigurationList = 853A6AF127BBE64C00BC47F2 /* Build configuration list for PBXNativeTarget "MoviesApp (iOS)" */;
			buildPhases = (
				853A6AC427BBE64C00BC47F2 /* Sources */,
				853A6AC527BBE64C00BC47F2 /* Frameworks */,
				853A6AC627BBE64C00BC47F2 /* Resources */,
			);
			buildRules = (
			);
			dependencies = (
			);
			name = "MoviesApp (iOS)";
			packageProductDependencies = (
				853A6B0327BBF54100BC47F2 /* Kingfisher */,
				855097D927BCB552009AB868 /* Collections */,
				855097DB27BCB552009AB868 /* DequeModule */,
				855097DD27BCB552009AB868 /* OrderedCollections */,
			);
			productName = "MoviesApp (iOS)";
			productReference = 853A6AC827BBE64C00BC47F2 /* MoviesApp.app */;
			productType = "com.apple.product-type.application";
		};
		853A6ACD27BBE64C00BC47F2 /* MoviesApp (macOS) */ = {
			isa = PBXNativeTarget;
			buildConfigurationList = 853A6AF427BBE64C00BC47F2 /* Build configuration list for PBXNativeTarget "MoviesApp (macOS)" */;
			buildPhases = (
				853A6ACA27BBE64C00BC47F2 /* Sources */,
				853A6ACB27BBE64C00BC47F2 /* Frameworks */,
				853A6ACC27BBE64C00BC47F2 /* Resources */,
			);
			buildRules = (
			);
			dependencies = (
			);
			name = "MoviesApp (macOS)";
			packageProductDependencies = (
				852A504627BC9D4B00332A9B /* Collections */,
				852A504827BC9D4B00332A9B /* DequeModule */,
				852A504A27BC9D4B00332A9B /* OrderedCollections */,
				855097E427BCB670009AB868 /* Kingfisher */,
			);
			productName = "MoviesApp (macOS)";
			productReference = 853A6ACE27BBE64C00BC47F2 /* MoviesApp.app */;
			productType = "com.apple.product-type.application";
		};
		853A6AD427BBE64C00BC47F2 /* Tests iOS */ = {
			isa = PBXNativeTarget;
			buildConfigurationList = 853A6AF727BBE64C00BC47F2 /* Build configuration list for PBXNativeTarget "Tests iOS" */;
			buildPhases = (
				853A6AD127BBE64C00BC47F2 /* Sources */,
				853A6AD227BBE64C00BC47F2 /* Frameworks */,
				853A6AD327BBE64C00BC47F2 /* Resources */,
			);
			buildRules = (
			);
			dependencies = (
				853A6AD727BBE64C00BC47F2 /* PBXTargetDependency */,
			);
			name = "Tests iOS";
			productName = "Tests iOS";
			productReference = 853A6AD527BBE64C00BC47F2 /* Tests iOS.xctest */;
			productType = "com.apple.product-type.bundle.ui-testing";
		};
		853A6AE027BBE64C00BC47F2 /* Tests macOS */ = {
			isa = PBXNativeTarget;
			buildConfigurationList = 853A6AFA27BBE64C00BC47F2 /* Build configuration list for PBXNativeTarget "Tests macOS" */;
			buildPhases = (
				853A6ADD27BBE64C00BC47F2 /* Sources */,
				853A6ADE27BBE64C00BC47F2 /* Frameworks */,
				853A6ADF27BBE64C00BC47F2 /* Resources */,
			);
			buildRules = (
			);
			dependencies = (
				853A6AE327BBE64C00BC47F2 /* PBXTargetDependency */,
			);
			name = "Tests macOS";
			productName = "Tests macOS";
			productReference = 853A6AE127BBE64C00BC47F2 /* Tests macOS.xctest */;
			productType = "com.apple.product-type.bundle.ui-testing";
		};
		CA90A3FE27CB0A9B00BA7E73 /* MoviesAppTests */ = {
			isa = PBXNativeTarget;
			buildConfigurationList = CA90A41827CB0A9C00BA7E73 /* Build configuration list for PBXNativeTarget "MoviesAppTests" */;
			buildPhases = (
				CA90A3FB27CB0A9B00BA7E73 /* Sources */,
				CA90A3FC27CB0A9B00BA7E73 /* Frameworks */,
				CA90A3FD27CB0A9B00BA7E73 /* Resources */,
			);
			buildRules = (
			);
			dependencies = (
			);
			name = MoviesAppTests;
			productName = MoviesAppTests;
			productReference = CA90A3FF27CB0A9B00BA7E73 /* MoviesAppTests.xctest */;
			productType = "com.apple.product-type.bundle.unit-test";
		};
		CA90A40827CB0A9C00BA7E73 /* MoviesAppUITests */ = {
			isa = PBXNativeTarget;
			buildConfigurationList = CA90A41927CB0A9C00BA7E73 /* Build configuration list for PBXNativeTarget "MoviesAppUITests" */;
			buildPhases = (
				CA90A40527CB0A9C00BA7E73 /* Sources */,
				CA90A40627CB0A9C00BA7E73 /* Frameworks */,
				CA90A40727CB0A9C00BA7E73 /* Resources */,
			);
			buildRules = (
			);
			dependencies = (
			);
			name = MoviesAppUITests;
			productName = MoviesAppUITests;
			productReference = CA90A40927CB0A9C00BA7E73 /* MoviesAppUITests.xctest */;
			productType = "com.apple.product-type.bundle.ui-testing";
		};
		CA90A41D27CB0B0200BA7E73 /* MoviesTVApp */ = {
			isa = PBXNativeTarget;
			buildConfigurationList = CA90A43F27CB0B0400BA7E73 /* Build configuration list for PBXNativeTarget "MoviesTVApp" */;
			buildPhases = (
				CA90A41A27CB0B0200BA7E73 /* Sources */,
				CA90A41B27CB0B0200BA7E73 /* Frameworks */,
				CA90A41C27CB0B0200BA7E73 /* Resources */,
			);
			buildRules = (
			);
			dependencies = (
			);
			name = MoviesTVApp;
			packageProductDependencies = (
				CA90A45727CB0C1200BA7E73 /* Kingfisher */,
				CA90A45927CB0C1200BA7E73 /* Collections */,
				CA90A45B27CB0C1200BA7E73 /* DequeModule */,
				CA90A45D27CB0C1200BA7E73 /* OrderedCollections */,
			);
			productName = MoviesTVApp;
			productReference = CA90A41E27CB0B0200BA7E73 /* MoviesTVApp.app */;
			productType = "com.apple.product-type.application";
		};
		CA90A42C27CB0B0400BA7E73 /* MoviesTVAppTests */ = {
			isa = PBXNativeTarget;
			buildConfigurationList = CA90A44227CB0B0400BA7E73 /* Build configuration list for PBXNativeTarget "MoviesTVAppTests" */;
			buildPhases = (
				CA90A42927CB0B0400BA7E73 /* Sources */,
				CA90A42A27CB0B0400BA7E73 /* Frameworks */,
				CA90A42B27CB0B0400BA7E73 /* Resources */,
			);
			buildRules = (
			);
			dependencies = (
				CA90A42F27CB0B0400BA7E73 /* PBXTargetDependency */,
			);
			name = MoviesTVAppTests;
			productName = MoviesTVAppTests;
			productReference = CA90A42D27CB0B0400BA7E73 /* MoviesTVAppTests.xctest */;
			productType = "com.apple.product-type.bundle.unit-test";
		};
		CA90A43627CB0B0400BA7E73 /* MoviesTVAppUITests */ = {
			isa = PBXNativeTarget;
			buildConfigurationList = CA90A44527CB0B0400BA7E73 /* Build configuration list for PBXNativeTarget "MoviesTVAppUITests" */;
			buildPhases = (
				CA90A43327CB0B0400BA7E73 /* Sources */,
				CA90A43427CB0B0400BA7E73 /* Frameworks */,
				CA90A43527CB0B0400BA7E73 /* Resources */,
			);
			buildRules = (
			);
			dependencies = (
				CA90A43927CB0B0400BA7E73 /* PBXTargetDependency */,
			);
			name = MoviesTVAppUITests;
			productName = MoviesTVAppUITests;
			productReference = CA90A43727CB0B0400BA7E73 /* MoviesTVAppUITests.xctest */;
			productType = "com.apple.product-type.bundle.ui-testing";
		};
/* End PBXNativeTarget section */

/* Begin PBXProject section */
		853A6ABC27BBE64500BC47F2 /* Project object */ = {
			isa = PBXProject;
			attributes = {
				BuildIndependentTargetsInParallel = 1;
				LastSwiftUpdateCheck = 1320;
				LastUpgradeCheck = 1320;
				TargetAttributes = {
					853A6AC727BBE64C00BC47F2 = {
						CreatedOnToolsVersion = 13.2.1;
					};
					853A6ACD27BBE64C00BC47F2 = {
						CreatedOnToolsVersion = 13.2.1;
					};
					853A6AD427BBE64C00BC47F2 = {
						CreatedOnToolsVersion = 13.2.1;
						TestTargetID = 853A6AC727BBE64C00BC47F2;
					};
					853A6AE027BBE64C00BC47F2 = {
						CreatedOnToolsVersion = 13.2.1;
						TestTargetID = 853A6ACD27BBE64C00BC47F2;
					};
					CA90A3FE27CB0A9B00BA7E73 = {
						CreatedOnToolsVersion = 13.2.1;
						TestTargetID = CA90A3EF27CB0A9900BA7E73;
					};
					CA90A40827CB0A9C00BA7E73 = {
						CreatedOnToolsVersion = 13.2.1;
						TestTargetID = CA90A3EF27CB0A9900BA7E73;
					};
					CA90A41D27CB0B0200BA7E73 = {
						CreatedOnToolsVersion = 13.2.1;
					};
					CA90A42C27CB0B0400BA7E73 = {
						CreatedOnToolsVersion = 13.2.1;
						TestTargetID = CA90A41D27CB0B0200BA7E73;
					};
					CA90A43627CB0B0400BA7E73 = {
						CreatedOnToolsVersion = 13.2.1;
						TestTargetID = CA90A41D27CB0B0200BA7E73;
					};
				};
			};
			buildConfigurationList = 853A6ABF27BBE64500BC47F2 /* Build configuration list for PBXProject "MoviesApp" */;
			compatibilityVersion = "Xcode 13.0";
			developmentRegion = en;
			hasScannedForEncodings = 0;
			knownRegions = (
				en,
				Base,
			);
			mainGroup = 853A6ABB27BBE64500BC47F2;
			packageReferences = (
				853A6B0227BBF54100BC47F2 /* XCRemoteSwiftPackageReference "Kingfisher" */,
				852A504527BC9D4B00332A9B /* XCRemoteSwiftPackageReference "swift-collections" */,
			);
			productRefGroup = 853A6AC927BBE64C00BC47F2 /* Products */;
			projectDirPath = "";
			projectRoot = "";
			targets = (
				853A6AC727BBE64C00BC47F2 /* MoviesApp (iOS) */,
				853A6ACD27BBE64C00BC47F2 /* MoviesApp (macOS) */,
				853A6AD427BBE64C00BC47F2 /* Tests iOS */,
				853A6AE027BBE64C00BC47F2 /* Tests macOS */,
				CA90A3FE27CB0A9B00BA7E73 /* MoviesAppTests */,
				CA90A40827CB0A9C00BA7E73 /* MoviesAppUITests */,
				CA90A41D27CB0B0200BA7E73 /* MoviesTVApp */,
				CA90A42C27CB0B0400BA7E73 /* MoviesTVAppTests */,
				CA90A43627CB0B0400BA7E73 /* MoviesTVAppUITests */,
			);
		};
/* End PBXProject section */

/* Begin PBXResourcesBuildPhase section */
		853A6AC627BBE64C00BC47F2 /* Resources */ = {
			isa = PBXResourcesBuildPhase;
			buildActionMask = 2147483647;
			files = (
				CA3CD4A427D768E700D792BC /* SampleVideo_640x360_1mb.mp4 in Resources */,
				CA3CD4A827D768E700D792BC /* SampleVideo_640x360_5mb.mp4 in Resources */,
				CA3CD4AE27D768E700D792BC /* SampleVideo_360x240_1mb.mp4 in Resources */,
				CA3CD4A027D768E700D792BC /* SampleVideo_720x480_1mb.mp4 in Resources */,
				CA3CD4A227D768E700D792BC /* SampleVideo_640x360_2mb.mp4 in Resources */,
				CA3CD4AC27D768E700D792BC /* SampleVideo_1280x720_2mb.mp4 in Resources */,
				CA3CD4AA27D768E700D792BC /* SampleVideo_360x240_5mb.mp4 in Resources */,
				CA3CD4A627D768E700D792BC /* SampleVideo_720x480_2mb.mp4 in Resources */,
				CA3CD4B027D768E700D792BC /* SampleVideo_360x240_2mb.mp4 in Resources */,
				CA3CD49E27D768E700D792BC /* SampleVideo_1280x720_5mb.mp4 in Resources */,
				CA3CD4B227D768E700D792BC /* big_buck_bunny_720p_1mb.mp4 in Resources */,
				853A6AED27BBE64C00BC47F2 /* Assets.xcassets in Resources */,
			);
			runOnlyForDeploymentPostprocessing = 0;
		};
		853A6ACC27BBE64C00BC47F2 /* Resources */ = {
			isa = PBXResourcesBuildPhase;
			buildActionMask = 2147483647;
			files = (
				CA3CD4A527D768E700D792BC /* SampleVideo_640x360_1mb.mp4 in Resources */,
				CA3CD4A927D768E700D792BC /* SampleVideo_640x360_5mb.mp4 in Resources */,
				CA3CD4AF27D768E700D792BC /* SampleVideo_360x240_1mb.mp4 in Resources */,
				CA3CD4A127D768E700D792BC /* SampleVideo_720x480_1mb.mp4 in Resources */,
				CA3CD4A327D768E700D792BC /* SampleVideo_640x360_2mb.mp4 in Resources */,
				CA3CD4AD27D768E700D792BC /* SampleVideo_1280x720_2mb.mp4 in Resources */,
				CA3CD4AB27D768E700D792BC /* SampleVideo_360x240_5mb.mp4 in Resources */,
				CA3CD4A727D768E700D792BC /* SampleVideo_720x480_2mb.mp4 in Resources */,
				CA3CD4B127D768E700D792BC /* SampleVideo_360x240_2mb.mp4 in Resources */,
				CA3CD49F27D768E700D792BC /* SampleVideo_1280x720_5mb.mp4 in Resources */,
				CA3CD4B327D768E700D792BC /* big_buck_bunny_720p_1mb.mp4 in Resources */,
				853A6AEE27BBE64C00BC47F2 /* Assets.xcassets in Resources */,
			);
			runOnlyForDeploymentPostprocessing = 0;
		};
		853A6AD327BBE64C00BC47F2 /* Resources */ = {
			isa = PBXResourcesBuildPhase;
			buildActionMask = 2147483647;
			files = (
			);
			runOnlyForDeploymentPostprocessing = 0;
		};
		853A6ADF27BBE64C00BC47F2 /* Resources */ = {
			isa = PBXResourcesBuildPhase;
			buildActionMask = 2147483647;
			files = (
			);
			runOnlyForDeploymentPostprocessing = 0;
		};
		CA90A3FD27CB0A9B00BA7E73 /* Resources */ = {
			isa = PBXResourcesBuildPhase;
			buildActionMask = 2147483647;
			files = (
			);
			runOnlyForDeploymentPostprocessing = 0;
		};
		CA90A40727CB0A9C00BA7E73 /* Resources */ = {
			isa = PBXResourcesBuildPhase;
			buildActionMask = 2147483647;
			files = (
			);
			runOnlyForDeploymentPostprocessing = 0;
		};
		CA90A41C27CB0B0200BA7E73 /* Resources */ = {
			isa = PBXResourcesBuildPhase;
			buildActionMask = 2147483647;
			files = (
				CA90A42827CB0B0400BA7E73 /* Preview Assets.xcassets in Resources */,
				CA90A42527CB0B0400BA7E73 /* Assets.xcassets in Resources */,
			);
			runOnlyForDeploymentPostprocessing = 0;
		};
		CA90A42B27CB0B0400BA7E73 /* Resources */ = {
			isa = PBXResourcesBuildPhase;
			buildActionMask = 2147483647;
			files = (
			);
			runOnlyForDeploymentPostprocessing = 0;
		};
		CA90A43527CB0B0400BA7E73 /* Resources */ = {
			isa = PBXResourcesBuildPhase;
			buildActionMask = 2147483647;
			files = (
			);
			runOnlyForDeploymentPostprocessing = 0;
		};
/* End PBXResourcesBuildPhase section */

/* Begin PBXSourcesBuildPhase section */
		853A6AC427BBE64C00BC47F2 /* Sources */ = {
			isa = PBXSourcesBuildPhase;
			buildActionMask = 2147483647;
			files = (
				852EAB7C27C1DD7800F26210 /* NavigationSettings.swift in Sources */,
				CA90A3CC27C50CB200BA7E73 /* TopBannerView.swift in Sources */,
				CA3CD48B27D767FB00D792BC /* PlayMovies.swift in Sources */,
				CA90A3D227C74B1500BA7E73 /* OrientationInfo.swift in Sources */,
				855097E227BCB5DB009AB868 /* TabViewPage.swift in Sources */,
				858FB16727C0B51300332FFC /* FinderView.swift in Sources */,
				852A504E27BCA06000332A9B /* HomePage.swift in Sources */,
				CAAB189327D62330005AA8B8 /* SearchViewModel.swift in Sources */,
				CA3CD52C27D90B1900D792BC /* String+Extension.swift in Sources */,
				855097E827BCC931009AB868 /* MovieDetailsView.swift in Sources */,
				852EAB8427C1E7C400F26210 /* HeaderViewMac.swift in Sources */,
				CA90A3CA27C5059D00BA7E73 /* BottomToolBarBottons.swift in Sources */,
				858FB16B27C0B54500332FFC /* DownloadView.swift in Sources */,
				852EAB8127C1DF7400F26210 /* UIColor_Extension.swift in Sources */,
				CA90A46427CB0E1300BA7E73 /* View+Extensions.swift in Sources */,
				CA90A3C627C502ED00BA7E73 /* TopToolBarView.swift in Sources */,
				CA3CD52627D90A9C00D792BC /* NavigationStyleModifier.swift in Sources */,
				853A6B0727BBF97E00BC47F2 /* StandardHomeMovie.swift in Sources */,
				CA3CD52827D90AB900D792BC /* NavigationTitleModifier.swift in Sources */,
				853A6AFF27BBE8A500BC47F2 /* MoviesListViewModel.swift in Sources */,
				852A505627BCA7DE00332A9B /* MoviesListView.swift in Sources */,
				853A6AE927BBE64C00BC47F2 /* MoviesAppApp.swift in Sources */,
				CAAB189727D6EDE1005AA8B8 /* MoviesHome.swift in Sources */,
				858FB16F27C0B56300332FFC /* MyStuffView.swift in Sources */,
				855097D627BCA8DB009AB868 /* SeeMoreView.swift in Sources */,
			);
			runOnlyForDeploymentPostprocessing = 0;
		};
		853A6ACA27BBE64C00BC47F2 /* Sources */ = {
			isa = PBXSourcesBuildPhase;
			buildActionMask = 2147483647;
			files = (
				852EAB7D27C1DD7800F26210 /* NavigationSettings.swift in Sources */,
				CA3CD52927D90AB900D792BC /* NavigationTitleModifier.swift in Sources */,
				CA90A3D427C7781F00BA7E73 /* TopBannerView.swift in Sources */,
				852A504F27BCA06000332A9B /* HomePage.swift in Sources */,
				CAAB189827D6EDE1005AA8B8 /* MoviesHome.swift in Sources */,
				858FB16827C0B51300332FFC /* FinderView.swift in Sources */,
				CAAB189427D62330005AA8B8 /* SearchViewModel.swift in Sources */,
				853A6B0827BBF97E00BC47F2 /* StandardHomeMovie.swift in Sources */,
				855097E927BCC931009AB868 /* MovieDetailsView.swift in Sources */,
				852EAB8527C1E7C400F26210 /* HeaderViewMac.swift in Sources */,
				CA90A3C927C5049300BA7E73 /* BottomToolBarBottons.swift in Sources */,
				858FB16C27C0B54500332FFC /* DownloadView.swift in Sources */,
				CA3CD48C27D767FB00D792BC /* PlayMovies.swift in Sources */,
				852EAB8227C1DF7400F26210 /* UIColor_Extension.swift in Sources */,
				CA90A46527CB0E2800BA7E73 /* View+Extensions.swift in Sources */,
				CA3CD52A27D90ABE00D792BC /* NavigationStyleModifier.swift in Sources */,
				CA3CD52D27D90B1900D792BC /* String+Extension.swift in Sources */,
				CA90A3C727C502ED00BA7E73 /* TopToolBarView.swift in Sources */,
				852A505127BCA39900332A9B /* TabViewPage.swift in Sources */,
				855097D727BCA8DB009AB868 /* SeeMoreView.swift in Sources */,
				852A505727BCA7DE00332A9B /* MoviesListView.swift in Sources */,
				853A6B0027BBE8A500BC47F2 /* MoviesListViewModel.swift in Sources */,
				858FB17027C0B56300332FFC /* MyStuffView.swift in Sources */,
				853A6AEA27BBE64C00BC47F2 /* MoviesAppApp.swift in Sources */,
			);
			runOnlyForDeploymentPostprocessing = 0;
		};
		853A6AD127BBE64C00BC47F2 /* Sources */ = {
			isa = PBXSourcesBuildPhase;
			buildActionMask = 2147483647;
			files = (
				853A6ADC27BBE64C00BC47F2 /* Tests_iOSLaunchTests.swift in Sources */,
				853A6ADA27BBE64C00BC47F2 /* Tests_iOS.swift in Sources */,
			);
			runOnlyForDeploymentPostprocessing = 0;
		};
		853A6ADD27BBE64C00BC47F2 /* Sources */ = {
			isa = PBXSourcesBuildPhase;
			buildActionMask = 2147483647;
			files = (
				853A6AE827BBE64C00BC47F2 /* Tests_macOSLaunchTests.swift in Sources */,
				853A6AE627BBE64C00BC47F2 /* Tests_macOS.swift in Sources */,
			);
			runOnlyForDeploymentPostprocessing = 0;
		};
		CA90A3FB27CB0A9B00BA7E73 /* Sources */ = {
			isa = PBXSourcesBuildPhase;
			buildActionMask = 2147483647;
			files = (
				CA90A40427CB0A9C00BA7E73 /* MoviesAppTests.swift in Sources */,
			);
			runOnlyForDeploymentPostprocessing = 0;
		};
		CA90A40527CB0A9C00BA7E73 /* Sources */ = {
			isa = PBXSourcesBuildPhase;
			buildActionMask = 2147483647;
			files = (
				CA90A40E27CB0A9C00BA7E73 /* MoviesAppUITests.swift in Sources */,
				CA90A41027CB0A9C00BA7E73 /* MoviesAppUITestsLaunchTests.swift in Sources */,
			);
			runOnlyForDeploymentPostprocessing = 0;
		};
		CA90A41A27CB0B0200BA7E73 /* Sources */ = {
			isa = PBXSourcesBuildPhase;
			buildActionMask = 2147483647;
			files = (
				CA90A44B27CB0BCA00BA7E73 /* MovieDetailsView.swift in Sources */,
				CA90A44827CB0BBD00BA7E73 /* MoviesListView.swift in Sources */,
				CA3CD48D27D767FB00D792BC /* PlayMovies.swift in Sources */,
				CA90A44E27CB0BD300BA7E73 /* TopToolBarView.swift in Sources */,
				CA90A42327CB0B0200BA7E73 /* ContentView.swift in Sources */,
				CA90A45F27CB0C5B00BA7E73 /* NavigationSettings.swift in Sources */,
				CA90A46027CB0C5F00BA7E73 /* UIColor_Extension.swift in Sources */,
				CAAB189527D62330005AA8B8 /* SearchViewModel.swift in Sources */,
				CA90A45427CB0BE500BA7E73 /* FinderView.swift in Sources */,
				CA90A45627CB0BEA00BA7E73 /* MyStuffView.swift in Sources */,
				CA90A45227CB0BE100BA7E73 /* TabViewPage.swift in Sources */,
				CA90A45027CB0BD900BA7E73 /* TopBannerView.swift in Sources */,
				CA90A44D27CB0BD100BA7E73 /* HeaderViewMac.swift in Sources */,
				CA90A44A27CB0BC700BA7E73 /* SeeMoreView.swift in Sources */,
				CA90A45527CB0BE800BA7E73 /* DownloadView.swift in Sources */,
				CA90A45127CB0BDD00BA7E73 /* HomePage.swift in Sources */,
				CA90A44F27CB0BD600BA7E73 /* BottomToolBarBottons.swift in Sources */,
				CA90A42127CB0B0200BA7E73 /* MoviesTVAppApp.swift in Sources */,
				CA90A44C27CB0BCF00BA7E73 /* StandardHomeMovie.swift in Sources */,
				CAAB189927D6EDE1005AA8B8 /* MoviesHome.swift in Sources */,
				CA90A46627CB0E2A00BA7E73 /* View+Extensions.swift in Sources */,
				CA90A44927CB0BC300BA7E73 /* MoviesListViewModel.swift in Sources */,
			);
			runOnlyForDeploymentPostprocessing = 0;
		};
		CA90A42927CB0B0400BA7E73 /* Sources */ = {
			isa = PBXSourcesBuildPhase;
			buildActionMask = 2147483647;
			files = (
				CA90A43227CB0B0400BA7E73 /* MoviesTVAppTests.swift in Sources */,
			);
			runOnlyForDeploymentPostprocessing = 0;
		};
		CA90A43327CB0B0400BA7E73 /* Sources */ = {
			isa = PBXSourcesBuildPhase;
			buildActionMask = 2147483647;
			files = (
				CA90A43C27CB0B0400BA7E73 /* MoviesTVAppUITests.swift in Sources */,
				CA90A43E27CB0B0400BA7E73 /* MoviesTVAppUITestsLaunchTests.swift in Sources */,
			);
			runOnlyForDeploymentPostprocessing = 0;
		};
/* End PBXSourcesBuildPhase section */

/* Begin PBXTargetDependency section */
		853A6AD727BBE64C00BC47F2 /* PBXTargetDependency */ = {
			isa = PBXTargetDependency;
			target = 853A6AC727BBE64C00BC47F2 /* MoviesApp (iOS) */;
			targetProxy = 853A6AD627BBE64C00BC47F2 /* PBXContainerItemProxy */;
		};
		853A6AE327BBE64C00BC47F2 /* PBXTargetDependency */ = {
			isa = PBXTargetDependency;
			target = 853A6ACD27BBE64C00BC47F2 /* MoviesApp (macOS) */;
			targetProxy = 853A6AE227BBE64C00BC47F2 /* PBXContainerItemProxy */;
		};
		CA90A42F27CB0B0400BA7E73 /* PBXTargetDependency */ = {
			isa = PBXTargetDependency;
			target = CA90A41D27CB0B0200BA7E73 /* MoviesTVApp */;
			targetProxy = CA90A42E27CB0B0400BA7E73 /* PBXContainerItemProxy */;
		};
		CA90A43927CB0B0400BA7E73 /* PBXTargetDependency */ = {
			isa = PBXTargetDependency;
			target = CA90A41D27CB0B0200BA7E73 /* MoviesTVApp */;
			targetProxy = CA90A43827CB0B0400BA7E73 /* PBXContainerItemProxy */;
		};
/* End PBXTargetDependency section */

/* Begin XCBuildConfiguration section */
		853A6AEF27BBE64C00BC47F2 /* Debug */ = {
			isa = XCBuildConfiguration;
			buildSettings = {
				ALWAYS_SEARCH_USER_PATHS = NO;
				CLANG_ANALYZER_NONNULL = YES;
				CLANG_ANALYZER_NUMBER_OBJECT_CONVERSION = YES_AGGRESSIVE;
				CLANG_CXX_LANGUAGE_STANDARD = "gnu++17";
				CLANG_CXX_LIBRARY = "libc++";
				CLANG_ENABLE_MODULES = YES;
				CLANG_ENABLE_OBJC_ARC = YES;
				CLANG_ENABLE_OBJC_WEAK = YES;
				CLANG_WARN_BLOCK_CAPTURE_AUTORELEASING = YES;
				CLANG_WARN_BOOL_CONVERSION = YES;
				CLANG_WARN_COMMA = YES;
				CLANG_WARN_CONSTANT_CONVERSION = YES;
				CLANG_WARN_DEPRECATED_OBJC_IMPLEMENTATIONS = YES;
				CLANG_WARN_DIRECT_OBJC_ISA_USAGE = YES_ERROR;
				CLANG_WARN_DOCUMENTATION_COMMENTS = YES;
				CLANG_WARN_EMPTY_BODY = YES;
				CLANG_WARN_ENUM_CONVERSION = YES;
				CLANG_WARN_INFINITE_RECURSION = YES;
				CLANG_WARN_INT_CONVERSION = YES;
				CLANG_WARN_NON_LITERAL_NULL_CONVERSION = YES;
				CLANG_WARN_OBJC_IMPLICIT_RETAIN_SELF = YES;
				CLANG_WARN_OBJC_LITERAL_CONVERSION = YES;
				CLANG_WARN_OBJC_ROOT_CLASS = YES_ERROR;
				CLANG_WARN_QUOTED_INCLUDE_IN_FRAMEWORK_HEADER = YES;
				CLANG_WARN_RANGE_LOOP_ANALYSIS = YES;
				CLANG_WARN_STRICT_PROTOTYPES = YES;
				CLANG_WARN_SUSPICIOUS_MOVE = YES;
				CLANG_WARN_UNGUARDED_AVAILABILITY = YES_AGGRESSIVE;
				CLANG_WARN_UNREACHABLE_CODE = YES;
				CLANG_WARN__DUPLICATE_METHOD_MATCH = YES;
				COPY_PHASE_STRIP = NO;
				DEBUG_INFORMATION_FORMAT = dwarf;
				ENABLE_STRICT_OBJC_MSGSEND = YES;
				ENABLE_TESTABILITY = YES;
				GCC_C_LANGUAGE_STANDARD = gnu11;
				GCC_DYNAMIC_NO_PIC = NO;
				GCC_NO_COMMON_BLOCKS = YES;
				GCC_OPTIMIZATION_LEVEL = 0;
				GCC_PREPROCESSOR_DEFINITIONS = (
					"DEBUG=1",
					"$(inherited)",
				);
				GCC_WARN_64_TO_32_BIT_CONVERSION = YES;
				GCC_WARN_ABOUT_RETURN_TYPE = YES_ERROR;
				GCC_WARN_UNDECLARED_SELECTOR = YES;
				GCC_WARN_UNINITIALIZED_AUTOS = YES_AGGRESSIVE;
				GCC_WARN_UNUSED_FUNCTION = YES;
				GCC_WARN_UNUSED_VARIABLE = YES;
				MTL_ENABLE_DEBUG_INFO = INCLUDE_SOURCE;
				MTL_FAST_MATH = YES;
				ONLY_ACTIVE_ARCH = YES;
				SWIFT_ACTIVE_COMPILATION_CONDITIONS = DEBUG;
				SWIFT_OPTIMIZATION_LEVEL = "-Onone";
			};
			name = Debug;
		};
		853A6AF027BBE64C00BC47F2 /* Release */ = {
			isa = XCBuildConfiguration;
			buildSettings = {
				ALWAYS_SEARCH_USER_PATHS = NO;
				CLANG_ANALYZER_NONNULL = YES;
				CLANG_ANALYZER_NUMBER_OBJECT_CONVERSION = YES_AGGRESSIVE;
				CLANG_CXX_LANGUAGE_STANDARD = "gnu++17";
				CLANG_CXX_LIBRARY = "libc++";
				CLANG_ENABLE_MODULES = YES;
				CLANG_ENABLE_OBJC_ARC = YES;
				CLANG_ENABLE_OBJC_WEAK = YES;
				CLANG_WARN_BLOCK_CAPTURE_AUTORELEASING = YES;
				CLANG_WARN_BOOL_CONVERSION = YES;
				CLANG_WARN_COMMA = YES;
				CLANG_WARN_CONSTANT_CONVERSION = YES;
				CLANG_WARN_DEPRECATED_OBJC_IMPLEMENTATIONS = YES;
				CLANG_WARN_DIRECT_OBJC_ISA_USAGE = YES_ERROR;
				CLANG_WARN_DOCUMENTATION_COMMENTS = YES;
				CLANG_WARN_EMPTY_BODY = YES;
				CLANG_WARN_ENUM_CONVERSION = YES;
				CLANG_WARN_INFINITE_RECURSION = YES;
				CLANG_WARN_INT_CONVERSION = YES;
				CLANG_WARN_NON_LITERAL_NULL_CONVERSION = YES;
				CLANG_WARN_OBJC_IMPLICIT_RETAIN_SELF = YES;
				CLANG_WARN_OBJC_LITERAL_CONVERSION = YES;
				CLANG_WARN_OBJC_ROOT_CLASS = YES_ERROR;
				CLANG_WARN_QUOTED_INCLUDE_IN_FRAMEWORK_HEADER = YES;
				CLANG_WARN_RANGE_LOOP_ANALYSIS = YES;
				CLANG_WARN_STRICT_PROTOTYPES = YES;
				CLANG_WARN_SUSPICIOUS_MOVE = YES;
				CLANG_WARN_UNGUARDED_AVAILABILITY = YES_AGGRESSIVE;
				CLANG_WARN_UNREACHABLE_CODE = YES;
				CLANG_WARN__DUPLICATE_METHOD_MATCH = YES;
				COPY_PHASE_STRIP = NO;
				DEBUG_INFORMATION_FORMAT = "dwarf-with-dsym";
				ENABLE_NS_ASSERTIONS = NO;
				ENABLE_STRICT_OBJC_MSGSEND = YES;
				GCC_C_LANGUAGE_STANDARD = gnu11;
				GCC_NO_COMMON_BLOCKS = YES;
				GCC_WARN_64_TO_32_BIT_CONVERSION = YES;
				GCC_WARN_ABOUT_RETURN_TYPE = YES_ERROR;
				GCC_WARN_UNDECLARED_SELECTOR = YES;
				GCC_WARN_UNINITIALIZED_AUTOS = YES_AGGRESSIVE;
				GCC_WARN_UNUSED_FUNCTION = YES;
				GCC_WARN_UNUSED_VARIABLE = YES;
				MTL_ENABLE_DEBUG_INFO = NO;
				MTL_FAST_MATH = YES;
				SWIFT_COMPILATION_MODE = wholemodule;
				SWIFT_OPTIMIZATION_LEVEL = "-O";
			};
			name = Release;
		};
		853A6AF227BBE64C00BC47F2 /* Debug */ = {
			isa = XCBuildConfiguration;
			buildSettings = {
				ASSETCATALOG_COMPILER_APPICON_NAME = AppIcon;
				ASSETCATALOG_COMPILER_GLOBAL_ACCENT_COLOR_NAME = AccentColor;
				CODE_SIGN_ENTITLEMENTS = "MoviesApp (iOS).entitlements";
				CODE_SIGN_STYLE = Automatic;
				CURRENT_PROJECT_VERSION = 1;
				ENABLE_PREVIEWS = YES;
				FRAMEWORK_SEARCH_PATHS = (
					"$(inherited)",
					"$(SDKROOT)/System/iOSSupport/System/Library/Frameworks",
				);
				GENERATE_INFOPLIST_FILE = YES;
				INFOPLIST_FILE = "MoviesApp--iOS--Info.plist";
				INFOPLIST_KEY_UIApplicationSceneManifest_Generation = YES;
				INFOPLIST_KEY_UIApplicationSupportsIndirectInputEvents = YES;
				INFOPLIST_KEY_UILaunchScreen_Generation = YES;
				INFOPLIST_KEY_UIRequiresFullScreen = NO;
				INFOPLIST_KEY_UISupportedInterfaceOrientations = "UIInterfaceOrientationPortrait UIInterfaceOrientationPortraitUpsideDown UIInterfaceOrientationLandscapeLeft UIInterfaceOrientationLandscapeRight";
				INFOPLIST_KEY_UISupportedInterfaceOrientations_iPad = "UIInterfaceOrientationPortrait UIInterfaceOrientationPortraitUpsideDown UIInterfaceOrientationLandscapeLeft UIInterfaceOrientationLandscapeRight";
				INFOPLIST_KEY_UISupportedInterfaceOrientations_iPhone = "UIInterfaceOrientationPortrait UIInterfaceOrientationLandscapeLeft UIInterfaceOrientationLandscapeRight";
				IPHONEOS_DEPLOYMENT_TARGET = 15.0;
				LD_RUNPATH_SEARCH_PATHS = (
					"$(inherited)",
					"@executable_path/Frameworks",
				);
				MARKETING_VERSION = 1.0;
				PRODUCT_BUNDLE_IDENTIFIER = com.spapr.swiftui.MoviesApp;
				PRODUCT_NAME = MoviesApp;
				SDKROOT = iphoneos;
				SUPPORTS_MACCATALYST = YES;
				SWIFT_EMIT_LOC_STRINGS = YES;
				SWIFT_VERSION = 5.0;
				TARGETED_DEVICE_FAMILY = "1,2";
			};
			name = Debug;
		};
		853A6AF327BBE64C00BC47F2 /* Release */ = {
			isa = XCBuildConfiguration;
			buildSettings = {
				ASSETCATALOG_COMPILER_APPICON_NAME = AppIcon;
				ASSETCATALOG_COMPILER_GLOBAL_ACCENT_COLOR_NAME = AccentColor;
				CODE_SIGN_ENTITLEMENTS = "MoviesApp (iOS).entitlements";
				CODE_SIGN_STYLE = Automatic;
				CURRENT_PROJECT_VERSION = 1;
				ENABLE_PREVIEWS = YES;
				FRAMEWORK_SEARCH_PATHS = (
					"$(inherited)",
					"$(SDKROOT)/System/iOSSupport/System/Library/Frameworks",
				);
				GENERATE_INFOPLIST_FILE = YES;
				INFOPLIST_FILE = "MoviesApp--iOS--Info.plist";
				INFOPLIST_KEY_UIApplicationSceneManifest_Generation = YES;
				INFOPLIST_KEY_UIApplicationSupportsIndirectInputEvents = YES;
				INFOPLIST_KEY_UILaunchScreen_Generation = YES;
				INFOPLIST_KEY_UIRequiresFullScreen = NO;
				INFOPLIST_KEY_UISupportedInterfaceOrientations = "UIInterfaceOrientationPortrait UIInterfaceOrientationPortraitUpsideDown UIInterfaceOrientationLandscapeLeft UIInterfaceOrientationLandscapeRight";
				INFOPLIST_KEY_UISupportedInterfaceOrientations_iPad = "UIInterfaceOrientationPortrait UIInterfaceOrientationPortraitUpsideDown UIInterfaceOrientationLandscapeLeft UIInterfaceOrientationLandscapeRight";
				INFOPLIST_KEY_UISupportedInterfaceOrientations_iPhone = "UIInterfaceOrientationPortrait UIInterfaceOrientationLandscapeLeft UIInterfaceOrientationLandscapeRight";
				IPHONEOS_DEPLOYMENT_TARGET = 15.0;
				LD_RUNPATH_SEARCH_PATHS = (
					"$(inherited)",
					"@executable_path/Frameworks",
				);
				MARKETING_VERSION = 1.0;
				PRODUCT_BUNDLE_IDENTIFIER = com.spapr.swiftui.MoviesApp;
				PRODUCT_NAME = MoviesApp;
				SDKROOT = iphoneos;
				SUPPORTS_MACCATALYST = YES;
				SWIFT_EMIT_LOC_STRINGS = YES;
				SWIFT_VERSION = 5.0;
				TARGETED_DEVICE_FAMILY = "1,2";
				VALIDATE_PRODUCT = YES;
			};
			name = Release;
		};
		853A6AF527BBE64C00BC47F2 /* Debug */ = {
			isa = XCBuildConfiguration;
			buildSettings = {
				ASSETCATALOG_COMPILER_APPICON_NAME = AppIcon;
				ASSETCATALOG_COMPILER_GLOBAL_ACCENT_COLOR_NAME = AccentColor;
				CODE_SIGN_ENTITLEMENTS = macOS/macOS.entitlements;
				CODE_SIGN_STYLE = Automatic;
				COMBINE_HIDPI_IMAGES = YES;
				CURRENT_PROJECT_VERSION = 1;
				ENABLE_PREVIEWS = YES;
				GENERATE_INFOPLIST_FILE = YES;
				INFOPLIST_FILE = "MoviesApp--macOS--Info.plist";
				INFOPLIST_KEY_NSHumanReadableCopyright = "";
				LD_RUNPATH_SEARCH_PATHS = (
					"$(inherited)",
					"@executable_path/../Frameworks",
				);
				MACOSX_DEPLOYMENT_TARGET = 12.1;
				MARKETING_VERSION = 1.0;
				PRODUCT_BUNDLE_IDENTIFIER = com.spapr.swiftui.MoviesApp;
				PRODUCT_NAME = MoviesApp;
				SDKROOT = macosx;
				SWIFT_EMIT_LOC_STRINGS = YES;
				SWIFT_VERSION = 5.0;
			};
			name = Debug;
		};
		853A6AF627BBE64C00BC47F2 /* Release */ = {
			isa = XCBuildConfiguration;
			buildSettings = {
				ASSETCATALOG_COMPILER_APPICON_NAME = AppIcon;
				ASSETCATALOG_COMPILER_GLOBAL_ACCENT_COLOR_NAME = AccentColor;
				CODE_SIGN_ENTITLEMENTS = macOS/macOS.entitlements;
				CODE_SIGN_STYLE = Automatic;
				COMBINE_HIDPI_IMAGES = YES;
				CURRENT_PROJECT_VERSION = 1;
				ENABLE_PREVIEWS = YES;
				GENERATE_INFOPLIST_FILE = YES;
				INFOPLIST_FILE = "MoviesApp--macOS--Info.plist";
				INFOPLIST_KEY_NSHumanReadableCopyright = "";
				LD_RUNPATH_SEARCH_PATHS = (
					"$(inherited)",
					"@executable_path/../Frameworks",
				);
				MACOSX_DEPLOYMENT_TARGET = 12.1;
				MARKETING_VERSION = 1.0;
				PRODUCT_BUNDLE_IDENTIFIER = com.spapr.swiftui.MoviesApp;
				PRODUCT_NAME = MoviesApp;
				SDKROOT = macosx;
				SWIFT_EMIT_LOC_STRINGS = YES;
				SWIFT_VERSION = 5.0;
			};
			name = Release;
		};
		853A6AF827BBE64C00BC47F2 /* Debug */ = {
			isa = XCBuildConfiguration;
			buildSettings = {
				ALWAYS_EMBED_SWIFT_STANDARD_LIBRARIES = YES;
				CODE_SIGN_STYLE = Automatic;
				CURRENT_PROJECT_VERSION = 1;
				GENERATE_INFOPLIST_FILE = YES;
				IPHONEOS_DEPLOYMENT_TARGET = 15.2;
				MARKETING_VERSION = 1.0;
				PRODUCT_BUNDLE_IDENTIFIER = "com.spapr.swiftui.Tests-iOS";
				PRODUCT_NAME = "$(TARGET_NAME)";
				SDKROOT = iphoneos;
				SWIFT_EMIT_LOC_STRINGS = NO;
				SWIFT_VERSION = 5.0;
				TARGETED_DEVICE_FAMILY = "1,2";
				TEST_TARGET_NAME = "MoviesApp (iOS)";
			};
			name = Debug;
		};
		853A6AF927BBE64C00BC47F2 /* Release */ = {
			isa = XCBuildConfiguration;
			buildSettings = {
				ALWAYS_EMBED_SWIFT_STANDARD_LIBRARIES = YES;
				CODE_SIGN_STYLE = Automatic;
				CURRENT_PROJECT_VERSION = 1;
				GENERATE_INFOPLIST_FILE = YES;
				IPHONEOS_DEPLOYMENT_TARGET = 15.2;
				MARKETING_VERSION = 1.0;
				PRODUCT_BUNDLE_IDENTIFIER = "com.spapr.swiftui.Tests-iOS";
				PRODUCT_NAME = "$(TARGET_NAME)";
				SDKROOT = iphoneos;
				SWIFT_EMIT_LOC_STRINGS = NO;
				SWIFT_VERSION = 5.0;
				TARGETED_DEVICE_FAMILY = "1,2";
				TEST_TARGET_NAME = "MoviesApp (iOS)";
				VALIDATE_PRODUCT = YES;
			};
			name = Release;
		};
		853A6AFB27BBE64C00BC47F2 /* Debug */ = {
			isa = XCBuildConfiguration;
			buildSettings = {
				ALWAYS_EMBED_SWIFT_STANDARD_LIBRARIES = YES;
				CODE_SIGN_STYLE = Automatic;
				CURRENT_PROJECT_VERSION = 1;
				GENERATE_INFOPLIST_FILE = YES;
				MACOSX_DEPLOYMENT_TARGET = 12.1;
				MARKETING_VERSION = 1.0;
				PRODUCT_BUNDLE_IDENTIFIER = "com.spapr.swiftui.Tests-macOS";
				PRODUCT_NAME = "$(TARGET_NAME)";
				SDKROOT = macosx;
				SWIFT_EMIT_LOC_STRINGS = NO;
				SWIFT_VERSION = 5.0;
				TEST_TARGET_NAME = "MoviesApp (macOS)";
			};
			name = Debug;
		};
		853A6AFC27BBE64C00BC47F2 /* Release */ = {
			isa = XCBuildConfiguration;
			buildSettings = {
				ALWAYS_EMBED_SWIFT_STANDARD_LIBRARIES = YES;
				CODE_SIGN_STYLE = Automatic;
				CURRENT_PROJECT_VERSION = 1;
				GENERATE_INFOPLIST_FILE = YES;
				MACOSX_DEPLOYMENT_TARGET = 12.1;
				MARKETING_VERSION = 1.0;
				PRODUCT_BUNDLE_IDENTIFIER = "com.spapr.swiftui.Tests-macOS";
				PRODUCT_NAME = "$(TARGET_NAME)";
				SDKROOT = macosx;
				SWIFT_EMIT_LOC_STRINGS = NO;
				SWIFT_VERSION = 5.0;
				TEST_TARGET_NAME = "MoviesApp (macOS)";
			};
			name = Release;
		};
		CA90A41327CB0A9C00BA7E73 /* Debug */ = {
			isa = XCBuildConfiguration;
			buildSettings = {
				BUNDLE_LOADER = "$(TEST_HOST)";
				CODE_SIGN_STYLE = Automatic;
				CURRENT_PROJECT_VERSION = 1;
				GENERATE_INFOPLIST_FILE = YES;
				MARKETING_VERSION = 1.0;
				PRODUCT_BUNDLE_IDENTIFIER = com.spapr.com.MoviesAppTests;
				PRODUCT_NAME = "$(TARGET_NAME)";
				SDKROOT = appletvos;
				SWIFT_EMIT_LOC_STRINGS = NO;
				SWIFT_VERSION = 5.0;
				TARGETED_DEVICE_FAMILY = 3;
				TEST_HOST = "$(BUILT_PRODUCTS_DIR)/MoviesApp.app/MoviesApp";
				TVOS_DEPLOYMENT_TARGET = 15.2;
			};
			name = Debug;
		};
		CA90A41427CB0A9C00BA7E73 /* Release */ = {
			isa = XCBuildConfiguration;
			buildSettings = {
				BUNDLE_LOADER = "$(TEST_HOST)";
				CODE_SIGN_STYLE = Automatic;
				CURRENT_PROJECT_VERSION = 1;
				GENERATE_INFOPLIST_FILE = YES;
				MARKETING_VERSION = 1.0;
				PRODUCT_BUNDLE_IDENTIFIER = com.spapr.com.MoviesAppTests;
				PRODUCT_NAME = "$(TARGET_NAME)";
				SDKROOT = appletvos;
				SWIFT_EMIT_LOC_STRINGS = NO;
				SWIFT_VERSION = 5.0;
				TARGETED_DEVICE_FAMILY = 3;
				TEST_HOST = "$(BUILT_PRODUCTS_DIR)/MoviesApp.app/MoviesApp";
				TVOS_DEPLOYMENT_TARGET = 15.2;
				VALIDATE_PRODUCT = YES;
			};
			name = Release;
		};
		CA90A41527CB0A9C00BA7E73 /* Debug */ = {
			isa = XCBuildConfiguration;
			buildSettings = {
				CODE_SIGN_STYLE = Automatic;
				CURRENT_PROJECT_VERSION = 1;
				GENERATE_INFOPLIST_FILE = YES;
				MARKETING_VERSION = 1.0;
				PRODUCT_BUNDLE_IDENTIFIER = com.spapr.com.MoviesAppUITests;
				PRODUCT_NAME = "$(TARGET_NAME)";
				SDKROOT = appletvos;
				SWIFT_EMIT_LOC_STRINGS = NO;
				SWIFT_VERSION = 5.0;
				TARGETED_DEVICE_FAMILY = 3;
				TEST_TARGET_NAME = MoviesApp;
				TVOS_DEPLOYMENT_TARGET = 15.2;
			};
			name = Debug;
		};
		CA90A41627CB0A9C00BA7E73 /* Release */ = {
			isa = XCBuildConfiguration;
			buildSettings = {
				CODE_SIGN_STYLE = Automatic;
				CURRENT_PROJECT_VERSION = 1;
				GENERATE_INFOPLIST_FILE = YES;
				MARKETING_VERSION = 1.0;
				PRODUCT_BUNDLE_IDENTIFIER = com.spapr.com.MoviesAppUITests;
				PRODUCT_NAME = "$(TARGET_NAME)";
				SDKROOT = appletvos;
				SWIFT_EMIT_LOC_STRINGS = NO;
				SWIFT_VERSION = 5.0;
				TARGETED_DEVICE_FAMILY = 3;
				TEST_TARGET_NAME = MoviesApp;
				TVOS_DEPLOYMENT_TARGET = 15.2;
				VALIDATE_PRODUCT = YES;
			};
			name = Release;
		};
		CA90A44027CB0B0400BA7E73 /* Debug */ = {
			isa = XCBuildConfiguration;
			buildSettings = {
				ASSETCATALOG_COMPILER_APPICON_NAME = "App Icon & Top Shelf Image";
				ASSETCATALOG_COMPILER_GLOBAL_ACCENT_COLOR_NAME = AccentColor;
				CODE_SIGN_STYLE = Automatic;
				CURRENT_PROJECT_VERSION = 1;
				DEVELOPMENT_ASSET_PATHS = "\"MoviesTVApp/Preview Content\"";
				ENABLE_PREVIEWS = YES;
				GENERATE_INFOPLIST_FILE = YES;
				INFOPLIST_KEY_UILaunchScreen_Generation = YES;
				INFOPLIST_KEY_UIUserInterfaceStyle = Automatic;
				LD_RUNPATH_SEARCH_PATHS = (
					"$(inherited)",
					"@executable_path/Frameworks",
				);
				MARKETING_VERSION = 1.0;
				PRODUCT_BUNDLE_IDENTIFIER = com.spapr.com.MoviesTVApp;
				PRODUCT_NAME = "$(TARGET_NAME)";
				SDKROOT = appletvos;
				SWIFT_EMIT_LOC_STRINGS = YES;
				SWIFT_VERSION = 5.0;
				TARGETED_DEVICE_FAMILY = 3;
				TVOS_DEPLOYMENT_TARGET = 15.2;
			};
			name = Debug;
		};
		CA90A44127CB0B0400BA7E73 /* Release */ = {
			isa = XCBuildConfiguration;
			buildSettings = {
				ASSETCATALOG_COMPILER_APPICON_NAME = "App Icon & Top Shelf Image";
				ASSETCATALOG_COMPILER_GLOBAL_ACCENT_COLOR_NAME = AccentColor;
				CODE_SIGN_STYLE = Automatic;
				CURRENT_PROJECT_VERSION = 1;
				DEVELOPMENT_ASSET_PATHS = "\"MoviesTVApp/Preview Content\"";
				ENABLE_PREVIEWS = YES;
				GENERATE_INFOPLIST_FILE = YES;
				INFOPLIST_KEY_UILaunchScreen_Generation = YES;
				INFOPLIST_KEY_UIUserInterfaceStyle = Automatic;
				LD_RUNPATH_SEARCH_PATHS = (
					"$(inherited)",
					"@executable_path/Frameworks",
				);
				MARKETING_VERSION = 1.0;
				PRODUCT_BUNDLE_IDENTIFIER = com.spapr.com.MoviesTVApp;
				PRODUCT_NAME = "$(TARGET_NAME)";
				SDKROOT = appletvos;
				SWIFT_EMIT_LOC_STRINGS = YES;
				SWIFT_VERSION = 5.0;
				TARGETED_DEVICE_FAMILY = 3;
				TVOS_DEPLOYMENT_TARGET = 15.2;
				VALIDATE_PRODUCT = YES;
			};
			name = Release;
		};
		CA90A44327CB0B0400BA7E73 /* Debug */ = {
			isa = XCBuildConfiguration;
			buildSettings = {
				ALWAYS_EMBED_SWIFT_STANDARD_LIBRARIES = YES;
				BUNDLE_LOADER = "$(TEST_HOST)";
				CODE_SIGN_STYLE = Automatic;
				CURRENT_PROJECT_VERSION = 1;
				GENERATE_INFOPLIST_FILE = YES;
				MARKETING_VERSION = 1.0;
				PRODUCT_BUNDLE_IDENTIFIER = com.spapr.com.MoviesTVAppTests;
				PRODUCT_NAME = "$(TARGET_NAME)";
				SDKROOT = appletvos;
				SWIFT_EMIT_LOC_STRINGS = NO;
				SWIFT_VERSION = 5.0;
				TARGETED_DEVICE_FAMILY = 3;
				TEST_HOST = "$(BUILT_PRODUCTS_DIR)/MoviesTVApp.app/MoviesTVApp";
				TVOS_DEPLOYMENT_TARGET = 15.2;
			};
			name = Debug;
		};
		CA90A44427CB0B0400BA7E73 /* Release */ = {
			isa = XCBuildConfiguration;
			buildSettings = {
				ALWAYS_EMBED_SWIFT_STANDARD_LIBRARIES = YES;
				BUNDLE_LOADER = "$(TEST_HOST)";
				CODE_SIGN_STYLE = Automatic;
				CURRENT_PROJECT_VERSION = 1;
				GENERATE_INFOPLIST_FILE = YES;
				MARKETING_VERSION = 1.0;
				PRODUCT_BUNDLE_IDENTIFIER = com.spapr.com.MoviesTVAppTests;
				PRODUCT_NAME = "$(TARGET_NAME)";
				SDKROOT = appletvos;
				SWIFT_EMIT_LOC_STRINGS = NO;
				SWIFT_VERSION = 5.0;
				TARGETED_DEVICE_FAMILY = 3;
				TEST_HOST = "$(BUILT_PRODUCTS_DIR)/MoviesTVApp.app/MoviesTVApp";
				TVOS_DEPLOYMENT_TARGET = 15.2;
				VALIDATE_PRODUCT = YES;
			};
			name = Release;
		};
		CA90A44627CB0B0400BA7E73 /* Debug */ = {
			isa = XCBuildConfiguration;
			buildSettings = {
				ALWAYS_EMBED_SWIFT_STANDARD_LIBRARIES = YES;
				CODE_SIGN_STYLE = Automatic;
				CURRENT_PROJECT_VERSION = 1;
				GENERATE_INFOPLIST_FILE = YES;
				MARKETING_VERSION = 1.0;
				PRODUCT_BUNDLE_IDENTIFIER = com.spapr.com.MoviesTVAppUITests;
				PRODUCT_NAME = "$(TARGET_NAME)";
				SDKROOT = appletvos;
				SWIFT_EMIT_LOC_STRINGS = NO;
				SWIFT_VERSION = 5.0;
				TARGETED_DEVICE_FAMILY = 3;
				TEST_TARGET_NAME = MoviesTVApp;
				TVOS_DEPLOYMENT_TARGET = 15.2;
			};
			name = Debug;
		};
		CA90A44727CB0B0400BA7E73 /* Release */ = {
			isa = XCBuildConfiguration;
			buildSettings = {
				ALWAYS_EMBED_SWIFT_STANDARD_LIBRARIES = YES;
				CODE_SIGN_STYLE = Automatic;
				CURRENT_PROJECT_VERSION = 1;
				GENERATE_INFOPLIST_FILE = YES;
				MARKETING_VERSION = 1.0;
				PRODUCT_BUNDLE_IDENTIFIER = com.spapr.com.MoviesTVAppUITests;
				PRODUCT_NAME = "$(TARGET_NAME)";
				SDKROOT = appletvos;
				SWIFT_EMIT_LOC_STRINGS = NO;
				SWIFT_VERSION = 5.0;
				TARGETED_DEVICE_FAMILY = 3;
				TEST_TARGET_NAME = MoviesTVApp;
				TVOS_DEPLOYMENT_TARGET = 15.2;
				VALIDATE_PRODUCT = YES;
			};
			name = Release;
		};
/* End XCBuildConfiguration section */

/* Begin XCConfigurationList section */
		853A6ABF27BBE64500BC47F2 /* Build configuration list for PBXProject "MoviesApp" */ = {
			isa = XCConfigurationList;
			buildConfigurations = (
				853A6AEF27BBE64C00BC47F2 /* Debug */,
				853A6AF027BBE64C00BC47F2 /* Release */,
			);
			defaultConfigurationIsVisible = 0;
			defaultConfigurationName = Release;
		};
		853A6AF127BBE64C00BC47F2 /* Build configuration list for PBXNativeTarget "MoviesApp (iOS)" */ = {
			isa = XCConfigurationList;
			buildConfigurations = (
				853A6AF227BBE64C00BC47F2 /* Debug */,
				853A6AF327BBE64C00BC47F2 /* Release */,
			);
			defaultConfigurationIsVisible = 0;
			defaultConfigurationName = Release;
		};
		853A6AF427BBE64C00BC47F2 /* Build configuration list for PBXNativeTarget "MoviesApp (macOS)" */ = {
			isa = XCConfigurationList;
			buildConfigurations = (
				853A6AF527BBE64C00BC47F2 /* Debug */,
				853A6AF627BBE64C00BC47F2 /* Release */,
			);
			defaultConfigurationIsVisible = 0;
			defaultConfigurationName = Release;
		};
		853A6AF727BBE64C00BC47F2 /* Build configuration list for PBXNativeTarget "Tests iOS" */ = {
			isa = XCConfigurationList;
			buildConfigurations = (
				853A6AF827BBE64C00BC47F2 /* Debug */,
				853A6AF927BBE64C00BC47F2 /* Release */,
			);
			defaultConfigurationIsVisible = 0;
			defaultConfigurationName = Release;
		};
		853A6AFA27BBE64C00BC47F2 /* Build configuration list for PBXNativeTarget "Tests macOS" */ = {
			isa = XCConfigurationList;
			buildConfigurations = (
				853A6AFB27BBE64C00BC47F2 /* Debug */,
				853A6AFC27BBE64C00BC47F2 /* Release */,
			);
			defaultConfigurationIsVisible = 0;
			defaultConfigurationName = Release;
		};
		CA90A41827CB0A9C00BA7E73 /* Build configuration list for PBXNativeTarget "MoviesAppTests" */ = {
			isa = XCConfigurationList;
			buildConfigurations = (
				CA90A41327CB0A9C00BA7E73 /* Debug */,
				CA90A41427CB0A9C00BA7E73 /* Release */,
			);
			defaultConfigurationIsVisible = 0;
			defaultConfigurationName = Release;
		};
		CA90A41927CB0A9C00BA7E73 /* Build configuration list for PBXNativeTarget "MoviesAppUITests" */ = {
			isa = XCConfigurationList;
			buildConfigurations = (
				CA90A41527CB0A9C00BA7E73 /* Debug */,
				CA90A41627CB0A9C00BA7E73 /* Release */,
			);
			defaultConfigurationIsVisible = 0;
			defaultConfigurationName = Release;
		};
		CA90A43F27CB0B0400BA7E73 /* Build configuration list for PBXNativeTarget "MoviesTVApp" */ = {
			isa = XCConfigurationList;
			buildConfigurations = (
				CA90A44027CB0B0400BA7E73 /* Debug */,
				CA90A44127CB0B0400BA7E73 /* Release */,
			);
			defaultConfigurationIsVisible = 0;
			defaultConfigurationName = Release;
		};
		CA90A44227CB0B0400BA7E73 /* Build configuration list for PBXNativeTarget "MoviesTVAppTests" */ = {
			isa = XCConfigurationList;
			buildConfigurations = (
				CA90A44327CB0B0400BA7E73 /* Debug */,
				CA90A44427CB0B0400BA7E73 /* Release */,
			);
			defaultConfigurationIsVisible = 0;
			defaultConfigurationName = Release;
		};
		CA90A44527CB0B0400BA7E73 /* Build configuration list for PBXNativeTarget "MoviesTVAppUITests" */ = {
			isa = XCConfigurationList;
			buildConfigurations = (
				CA90A44627CB0B0400BA7E73 /* Debug */,
				CA90A44727CB0B0400BA7E73 /* Release */,
			);
			defaultConfigurationIsVisible = 0;
			defaultConfigurationName = Release;
		};
/* End XCConfigurationList section */

/* Begin XCRemoteSwiftPackageReference section */
		852A504527BC9D4B00332A9B /* XCRemoteSwiftPackageReference "swift-collections" */ = {
			isa = XCRemoteSwiftPackageReference;
			repositoryURL = "https://github.com/apple/swift-collections.git";
			requirement = {
				kind = upToNextMajorVersion;
				minimumVersion = 1.0.0;
			};
		};
		853A6B0227BBF54100BC47F2 /* XCRemoteSwiftPackageReference "Kingfisher" */ = {
			isa = XCRemoteSwiftPackageReference;
			repositoryURL = "https://github.com/onevcat/Kingfisher.git";
			requirement = {
				kind = upToNextMajorVersion;
				minimumVersion = 7.0.0;
			};
		};
/* End XCRemoteSwiftPackageReference section */

/* Begin XCSwiftPackageProductDependency section */
		852A504627BC9D4B00332A9B /* Collections */ = {
			isa = XCSwiftPackageProductDependency;
			package = 852A504527BC9D4B00332A9B /* XCRemoteSwiftPackageReference "swift-collections" */;
			productName = Collections;
		};
		852A504827BC9D4B00332A9B /* DequeModule */ = {
			isa = XCSwiftPackageProductDependency;
			package = 852A504527BC9D4B00332A9B /* XCRemoteSwiftPackageReference "swift-collections" */;
			productName = DequeModule;
		};
		852A504A27BC9D4B00332A9B /* OrderedCollections */ = {
			isa = XCSwiftPackageProductDependency;
			package = 852A504527BC9D4B00332A9B /* XCRemoteSwiftPackageReference "swift-collections" */;
			productName = OrderedCollections;
		};
		853A6B0327BBF54100BC47F2 /* Kingfisher */ = {
			isa = XCSwiftPackageProductDependency;
			package = 853A6B0227BBF54100BC47F2 /* XCRemoteSwiftPackageReference "Kingfisher" */;
			productName = Kingfisher;
		};
		855097D927BCB552009AB868 /* Collections */ = {
			isa = XCSwiftPackageProductDependency;
			package = 852A504527BC9D4B00332A9B /* XCRemoteSwiftPackageReference "swift-collections" */;
			productName = Collections;
		};
		855097DB27BCB552009AB868 /* DequeModule */ = {
			isa = XCSwiftPackageProductDependency;
			package = 852A504527BC9D4B00332A9B /* XCRemoteSwiftPackageReference "swift-collections" */;
			productName = DequeModule;
		};
		855097DD27BCB552009AB868 /* OrderedCollections */ = {
			isa = XCSwiftPackageProductDependency;
			package = 852A504527BC9D4B00332A9B /* XCRemoteSwiftPackageReference "swift-collections" */;
			productName = OrderedCollections;
		};
		855097E427BCB670009AB868 /* Kingfisher */ = {
			isa = XCSwiftPackageProductDependency;
			package = 853A6B0227BBF54100BC47F2 /* XCRemoteSwiftPackageReference "Kingfisher" */;
			productName = Kingfisher;
		};
		CA90A45727CB0C1200BA7E73 /* Kingfisher */ = {
			isa = XCSwiftPackageProductDependency;
			package = 853A6B0227BBF54100BC47F2 /* XCRemoteSwiftPackageReference "Kingfisher" */;
			productName = Kingfisher;
		};
		CA90A45927CB0C1200BA7E73 /* Collections */ = {
			isa = XCSwiftPackageProductDependency;
			package = 852A504527BC9D4B00332A9B /* XCRemoteSwiftPackageReference "swift-collections" */;
			productName = Collections;
		};
		CA90A45B27CB0C1200BA7E73 /* DequeModule */ = {
			isa = XCSwiftPackageProductDependency;
			package = 852A504527BC9D4B00332A9B /* XCRemoteSwiftPackageReference "swift-collections" */;
			productName = DequeModule;
		};
		CA90A45D27CB0C1200BA7E73 /* OrderedCollections */ = {
			isa = XCSwiftPackageProductDependency;
			package = 852A504527BC9D4B00332A9B /* XCRemoteSwiftPackageReference "swift-collections" */;
			productName = OrderedCollections;
		};
/* End XCSwiftPackageProductDependency section */
	};
	rootObject = 853A6ABC27BBE64500BC47F2 /* Project object */;
}
